
Microsoft Visual Studio Solution File, Format Version 12.00
# Visual Studio Version 17
VisualStudioVersion = 17.1.32328.378
MinimumVisualStudioVersion = 10.0.40219.1
Project("{8BC9CEB8-8B4A-11D0-8D11-00A0C91BC942}") = "DirectX12_Template", "DirectX12_Template.vcxproj", "{44AC3038-21F4-4D3A-B846-3091B26D74CC}"
EndProject
Project("{8BC9CEB8-8B4A-11D0-8D11-00A0C91BC942}") = "DirectXTex", "DirectXTex\DirectXTex_Desktop_2022.vcxproj", "{371B9FA9-4C90-4AC6-A123-ACED756D6C77}"
EndProject
Global
	GlobalSection(SolutionConfigurationPlatforms) = preSolution
		Debug|x64 = Debug|x64
		Debug|x86 = Debug|x86
		Profile|x64 = Profile|x64
		Profile|x86 = Profile|x86
		Release|x64 = Release|x64
		Release|x86 = Release|x86
	EndGlobalSection
	GlobalSection(ProjectConfigurationPlatforms) = postSolution
		{44AC3038-21F4-4D3A-B846-3091B26D74CC}.Debug|x64.ActiveCfg = Debug|x64
		{44AC3038-21F4-4D3A-B846-3091B26D74CC}.Debug|x64.Build.0 = Debug|x64
		{44AC3038-21F4-4D3A-B846-3091B26D74CC}.Debug|x86.ActiveCfg = Debug|Win32
		{44AC3038-21F4-4D3A-B846-3091B26D74CC}.Debug|x86.Build.0 = Debug|Win32
		{44AC3038-21F4-4D3A-B846-3091B26D74CC}.Profile|x64.ActiveCfg = Release|x64
		{44AC3038-21F4-4D3A-B846-3091B26D74CC}.Profile|x64.Build.0 = Release|x64
		{44AC3038-21F4-4D3A-B846-3091B26D74CC}.Profile|x86.ActiveCfg = Release|Win32
		{44AC3038-21F4-4D3A-B846-3091B26D74CC}.Profile|x86.Build.0 = Release|Win32
		{44AC3038-21F4-4D3A-B846-3091B26D74CC}.Release|x64.ActiveCfg = Release|x64
		{44AC3038-21F4-4D3A-B846-3091B26D74CC}.Release|x64.Build.0 = Release|x64
		{44AC3038-21F4-4D3A-B846-3091B26D74CC}.Release|x86.ActiveCfg = Release|Win32
		{44AC3038-21F4-4D3A-B846-3091B26D74CC}.Release|x86.Build.0 = Release|Win32
		{371B9FA9-4C90-4AC6-A123-ACED756D6C77}.Debug|x64.ActiveCfg = Debug|x64
		{371B9FA9-4C90-4AC6-A123-ACED756D6C77}.Debug|x64.Build.0 = Debug|x64
		{371B9FA9-4C90-4AC6-A123-ACED756D6C77}.Debug|x86.ActiveCfg = Debug|Win32
		{371B9FA9-4C90-4AC6-A123-ACED756D6C77}.Debug|x86.Build.0 = Debug|Win32
		{371B9FA9-4C90-4AC6-A123-ACED756D6C77}.Profile|x64.ActiveCfg = Profile|x64
		{371B9FA9-4C90-4AC6-A123-ACED756D6C77}.Profile|x64.Build.0 = Profile|x64
		{371B9FA9-4C90-4AC6-A123-ACED756D6C77}.Profile|x86.ActiveCfg = Profile|Win32
		{371B9FA9-4C90-4AC6-A123-ACED756D6C77}.Profile|x86.Build.0 = Profile|Win32
		{371B9FA9-4C90-4AC6-A123-ACED756D6C77}.Release|x64.ActiveCfg = Release|x64
		{371B9FA9-4C90-4AC6-A123-ACED756D6C77}.Release|x64.Build.0 = Release|x64
		{371B9FA9-4C90-4AC6-A123-ACED756D6C77}.Release|x86.ActiveCfg = Release|Win32
		{371B9FA9-4C90-4AC6-A123-ACED756D6C77}.Release|x86.Build.0 = Release|Win32
	EndGlobalSection
	GlobalSection(SolutionProperties) = preSolution
		HideSolutionNode = FALSE
	EndGlobalSection
	GlobalSection(ExtensibilityGlobals) = postSolution
		SolutionGuid = {B0C86F56-6EB2-4273-820E-8B30F5F59BEB}
	EndGlobalSection
EndGlobal
