
Microsoft Visual Studio Solution File, Format Version 12.00
# Visual Studio Version 17
VisualStudioVersion = 17.1.32328.378
MinimumVisualStudioVersion = 10.0.40219.1
Project("{8BC9CEB8-8B4A-11D0-8D11-00A0C91BC942}") = "SpicavirEngineGame", "SpicavirEngine.vcxproj", "{44AC3038-21F4-4D3A-B846-3091B26D74CC}"
	ProjectSection(ProjectDependencies) = postProject
		{66FDBE36-B4EA-3409-A20E-9F086238450E} = {66FDBE36-B4EA-3409-A20E-9F086238450E}
		{8FE8F28B-8B25-35D8-A6E1-060C10DF0CE7} = {8FE8F28B-8B25-35D8-A6E1-060C10DF0CE7}
		{BFFC0D34-CF08-3547-9712-C9BCB7F29B3B} = {BFFC0D34-CF08-3547-9712-C9BCB7F29B3B}
		{FFD7342C-39E2-3612-82E5-97E1A6F54388} = {FFD7342C-39E2-3612-82E5-97E1A6F54388}
	EndProjectSection
EndProject
Project("{8BC9CEB8-8B4A-11D0-8D11-00A0C91BC942}") = "DirectXTex", "DirectXTex\DirectXTex_Desktop_2022.vcxproj", "{371B9FA9-4C90-4AC6-A123-ACED756D6C77}"
EndProject
Project("{8BC9CEB8-8B4A-11D0-8D11-00A0C91BC942}") = "imgui", "SrcImgui\imgui\imgui.vcxproj", "{3650DECB-313B-4C2D-88DB-9E59A8234B8D}"
EndProject
Project("{8BC9CEB8-8B4A-11D0-8D11-00A0C91BC942}") = "assimp", "SrcExternal\Assimp\code\assimp.vcxproj", "{8FE8F28B-8B25-35D8-A6E1-060C10DF0CE7}"
	ProjectSection(ProjectDependencies) = postProject
		{B5B5A607-B88E-392D-BA9A-DCD3F57CEE52} = {B5B5A607-B88E-392D-BA9A-DCD3F57CEE52}
	EndProjectSection
EndProject
Project("{8BC9CEB8-8B4A-11D0-8D11-00A0C91BC942}") = "zlibstatic", "SrcExternal\Assimp\contrib\zlib\zlibstatic.vcxproj", "{B5B5A607-B88E-392D-BA9A-DCD3F57CEE52}"
EndProject
Project("{8BC9CEB8-8B4A-11D0-8D11-00A0C91BC942}") = "EASTL", "SrcExternal\EASTL\EASTL.vcxproj", "{2EBF2370-9313-3E61-93E2-BF9215E3BE2E}"
EndProject
Project("{8BC9CEB8-8B4A-11D0-8D11-00A0C91BC942}") = "Effekseer", "SrcExternal\Effekseer\Dev\Cpp\Effekseer\Effekseer.vcxproj", "{66FDBE36-B4EA-3409-A20E-9F086238450E}"
	ProjectSection(ProjectDependencies) = postProject
		{2C6DC6B5-384C-314E-A810-AD53A0AA276F} = {2C6DC6B5-384C-314E-A810-AD53A0AA276F}
		{EC7E4D95-F60B-3187-9AC7-AF30E20E6ADB} = {EC7E4D95-F60B-3187-9AC7-AF30E20E6ADB}
	EndProjectSection
EndProject
Project("{8BC9CEB8-8B4A-11D0-8D11-00A0C91BC942}") = "EffekseerRendererCommon", "SrcExternal\Effekseer\Dev\Cpp\EffekseerRendererCommon\EffekseerRendererCommon.vcxproj", "{FFD7342C-39E2-3612-82E5-97E1A6F54388}"
EndProject
Project("{8BC9CEB8-8B4A-11D0-8D11-00A0C91BC942}") = "EffekseerRendererDX12", "SrcExternal\Effekseer\Dev\Cpp\EffekseerRendererDX12\EffekseerRendererDX12.vcxproj", "{BFFC0D34-CF08-3547-9712-C9BCB7F29B3B}"
EndProject
Project("{8BC9CEB8-8B4A-11D0-8D11-00A0C91BC942}") = "glfw", "SrcExternal\Effekseer\ThirdParty\Build\glfw\src\ExternalProject_glfw-build\src\glfw.vcxproj", "{EC7E4D95-F60B-3187-9AC7-AF30E20E6ADB}"
EndProject
Project("{8BC9CEB8-8B4A-11D0-8D11-00A0C91BC942}") = "LLGI", "SrcExternal\Effekseer\Dev\Cpp\3rdParty\LLGI\src\LLGI.vcxproj", "{2C6DC6B5-384C-314E-A810-AD53A0AA276F}"
EndProject
Project("{2150E333-8FDC-42A3-9474-1A3956D46DE8}") = "External", "External", "{66B4F2CD-A608-4F93-B9F2-C68EDDF84C82}"
EndProject
Project("{8BC9CEB8-8B4A-11D0-8D11-00A0C91BC942}") = "EffekseerRendererLLGI", "SrcExternal\Effekseer\Dev\Cpp\EffekseerRendererLLGI\EffekseerRendererLLGI.vcxproj", "{B81591EC-4A8B-38CF-8D42-703136287C1A}"
EndProject
Global
	GlobalSection(SolutionConfigurationPlatforms) = preSolution
		Debug_No_Iterator_Check|x64 = Debug_No_Iterator_Check|x64
		Debug|x64 = Debug|x64
		Release|x64 = Release|x64
	EndGlobalSection
	GlobalSection(ProjectConfigurationPlatforms) = postSolution
		{44AC3038-21F4-4D3A-B846-3091B26D74CC}.Debug_No_Iterator_Check|x64.ActiveCfg = Debug_No_Iterator_Check|x64
		{44AC3038-21F4-4D3A-B846-3091B26D74CC}.Debug_No_Iterator_Check|x64.Build.0 = Debug_No_Iterator_Check|x64
		{44AC3038-21F4-4D3A-B846-3091B26D74CC}.Debug|x64.ActiveCfg = Debug|x64
		{44AC3038-21F4-4D3A-B846-3091B26D74CC}.Debug|x64.Build.0 = Debug|x64
		{44AC3038-21F4-4D3A-B846-3091B26D74CC}.Release|x64.ActiveCfg = Release|x64
		{44AC3038-21F4-4D3A-B846-3091B26D74CC}.Release|x64.Build.0 = Release|x64
		{371B9FA9-4C90-4AC6-A123-ACED756D6C77}.Debug_No_Iterator_Check|x64.ActiveCfg = Debug_No_Iterator_Check|x64
		{371B9FA9-4C90-4AC6-A123-ACED756D6C77}.Debug_No_Iterator_Check|x64.Build.0 = Debug_No_Iterator_Check|x64
		{371B9FA9-4C90-4AC6-A123-ACED756D6C77}.Debug|x64.ActiveCfg = Debug|x64
		{371B9FA9-4C90-4AC6-A123-ACED756D6C77}.Debug|x64.Build.0 = Debug|x64
		{371B9FA9-4C90-4AC6-A123-ACED756D6C77}.Release|x64.ActiveCfg = Release|x64
		{371B9FA9-4C90-4AC6-A123-ACED756D6C77}.Release|x64.Build.0 = Release|x64
		{3650DECB-313B-4C2D-88DB-9E59A8234B8D}.Debug_No_Iterator_Check|x64.ActiveCfg = Debug_No_Iterator_Check|x64
		{3650DECB-313B-4C2D-88DB-9E59A8234B8D}.Debug_No_Iterator_Check|x64.Build.0 = Debug_No_Iterator_Check|x64
		{3650DECB-313B-4C2D-88DB-9E59A8234B8D}.Debug|x64.ActiveCfg = Debug|x64
		{3650DECB-313B-4C2D-88DB-9E59A8234B8D}.Debug|x64.Build.0 = Debug|x64
		{3650DECB-313B-4C2D-88DB-9E59A8234B8D}.Release|x64.ActiveCfg = Release|x64
		{3650DECB-313B-4C2D-88DB-9E59A8234B8D}.Release|x64.Build.0 = Release|x64
		{8FE8F28B-8B25-35D8-A6E1-060C10DF0CE7}.Debug_No_Iterator_Check|x64.ActiveCfg = Debug_No_Iterator_Check|x64
		{8FE8F28B-8B25-35D8-A6E1-060C10DF0CE7}.Debug_No_Iterator_Check|x64.Build.0 = Debug_No_Iterator_Check|x64
		{8FE8F28B-8B25-35D8-A6E1-060C10DF0CE7}.Debug|x64.ActiveCfg = Debug|x64
		{8FE8F28B-8B25-35D8-A6E1-060C10DF0CE7}.Debug|x64.Build.0 = Debug|x64
		{8FE8F28B-8B25-35D8-A6E1-060C10DF0CE7}.Release|x64.ActiveCfg = Release|x64
		{8FE8F28B-8B25-35D8-A6E1-060C10DF0CE7}.Release|x64.Build.0 = Release|x64
		{B5B5A607-B88E-392D-BA9A-DCD3F57CEE52}.Debug_No_Iterator_Check|x64.ActiveCfg = Debug_No_Iterator_Check|x64
		{B5B5A607-B88E-392D-BA9A-DCD3F57CEE52}.Debug_No_Iterator_Check|x64.Build.0 = Debug_No_Iterator_Check|x64
		{B5B5A607-B88E-392D-BA9A-DCD3F57CEE52}.Debug|x64.ActiveCfg = Debug|x64
		{B5B5A607-B88E-392D-BA9A-DCD3F57CEE52}.Debug|x64.Build.0 = Debug|x64
		{B5B5A607-B88E-392D-BA9A-DCD3F57CEE52}.Release|x64.ActiveCfg = Release|x64
		{B5B5A607-B88E-392D-BA9A-DCD3F57CEE52}.Release|x64.Build.0 = Release|x64
		{2EBF2370-9313-3E61-93E2-BF9215E3BE2E}.Debug_No_Iterator_Check|x64.ActiveCfg = Debug_No_Iterator_Check|x64
		{2EBF2370-9313-3E61-93E2-BF9215E3BE2E}.Debug_No_Iterator_Check|x64.Build.0 = Debug_No_Iterator_Check|x64
		{2EBF2370-9313-3E61-93E2-BF9215E3BE2E}.Debug|x64.ActiveCfg = Debug|x64
		{2EBF2370-9313-3E61-93E2-BF9215E3BE2E}.Debug|x64.Build.0 = Debug|x64
		{2EBF2370-9313-3E61-93E2-BF9215E3BE2E}.Release|x64.ActiveCfg = Release|x64
		{2EBF2370-9313-3E61-93E2-BF9215E3BE2E}.Release|x64.Build.0 = Release|x64
		{66FDBE36-B4EA-3409-A20E-9F086238450E}.Debug_No_Iterator_Check|x64.ActiveCfg = Debug_No_Iterator_Check|x64
		{66FDBE36-B4EA-3409-A20E-9F086238450E}.Debug_No_Iterator_Check|x64.Build.0 = Debug_No_Iterator_Check|x64
		{66FDBE36-B4EA-3409-A20E-9F086238450E}.Debug|x64.ActiveCfg = Debug|x64
		{66FDBE36-B4EA-3409-A20E-9F086238450E}.Debug|x64.Build.0 = Debug|x64
		{66FDBE36-B4EA-3409-A20E-9F086238450E}.Release|x64.ActiveCfg = Release|x64
		{66FDBE36-B4EA-3409-A20E-9F086238450E}.Release|x64.Build.0 = Release|x64
		{FFD7342C-39E2-3612-82E5-97E1A6F54388}.Debug_No_Iterator_Check|x64.ActiveCfg = Debug_No_Iterator_Check|x64
		{FFD7342C-39E2-3612-82E5-97E1A6F54388}.Debug_No_Iterator_Check|x64.Build.0 = Debug_No_Iterator_Check|x64
		{FFD7342C-39E2-3612-82E5-97E1A6F54388}.Debug|x64.ActiveCfg = Debug|x64
		{FFD7342C-39E2-3612-82E5-97E1A6F54388}.Debug|x64.Build.0 = Debug|x64
		{FFD7342C-39E2-3612-82E5-97E1A6F54388}.Release|x64.ActiveCfg = Release|x64
		{FFD7342C-39E2-3612-82E5-97E1A6F54388}.Release|x64.Build.0 = Release|x64
		{BFFC0D34-CF08-3547-9712-C9BCB7F29B3B}.Debug_No_Iterator_Check|x64.ActiveCfg = Debug_No_Iterator_Check|x64
		{BFFC0D34-CF08-3547-9712-C9BCB7F29B3B}.Debug_No_Iterator_Check|x64.Build.0 = Debug_No_Iterator_Check|x64
		{BFFC0D34-CF08-3547-9712-C9BCB7F29B3B}.Debug|x64.ActiveCfg = Debug|x64
		{BFFC0D34-CF08-3547-9712-C9BCB7F29B3B}.Debug|x64.Build.0 = Debug|x64
		{BFFC0D34-CF08-3547-9712-C9BCB7F29B3B}.Release|x64.ActiveCfg = Release|x64
		{BFFC0D34-CF08-3547-9712-C9BCB7F29B3B}.Release|x64.Build.0 = Release|x64
		{EC7E4D95-F60B-3187-9AC7-AF30E20E6ADB}.Debug_No_Iterator_Check|x64.ActiveCfg = Debug_No_Iterator_Check|x64
		{EC7E4D95-F60B-3187-9AC7-AF30E20E6ADB}.Debug_No_Iterator_Check|x64.Build.0 = Debug_No_Iterator_Check|x64
		{EC7E4D95-F60B-3187-9AC7-AF30E20E6ADB}.Debug|x64.ActiveCfg = Debug|x64
		{EC7E4D95-F60B-3187-9AC7-AF30E20E6ADB}.Debug|x64.Build.0 = Debug|x64
		{EC7E4D95-F60B-3187-9AC7-AF30E20E6ADB}.Release|x64.ActiveCfg = Release|x64
		{EC7E4D95-F60B-3187-9AC7-AF30E20E6ADB}.Release|x64.Build.0 = Release|x64
		{2C6DC6B5-384C-314E-A810-AD53A0AA276F}.Debug_No_Iterator_Check|x64.ActiveCfg = Debug_No_Iterator_Check|x64
		{2C6DC6B5-384C-314E-A810-AD53A0AA276F}.Debug_No_Iterator_Check|x64.Build.0 = Debug_No_Iterator_Check|x64
		{2C6DC6B5-384C-314E-A810-AD53A0AA276F}.Debug|x64.ActiveCfg = Debug|x64
		{2C6DC6B5-384C-314E-A810-AD53A0AA276F}.Debug|x64.Build.0 = Debug|x64
		{2C6DC6B5-384C-314E-A810-AD53A0AA276F}.Release|x64.ActiveCfg = Release|x64
		{2C6DC6B5-384C-314E-A810-AD53A0AA276F}.Release|x64.Build.0 = Release|x64
		{B81591EC-4A8B-38CF-8D42-703136287C1A}.Debug_No_Iterator_Check|x64.ActiveCfg = Debug_No_Iterator_Check|x64
		{B81591EC-4A8B-38CF-8D42-703136287C1A}.Debug_No_Iterator_Check|x64.Build.0 = Debug_No_Iterator_Check|x64
		{B81591EC-4A8B-38CF-8D42-703136287C1A}.Debug|x64.ActiveCfg = Debug|x64
		{B81591EC-4A8B-38CF-8D42-703136287C1A}.Debug|x64.Build.0 = Debug|x64
		{B81591EC-4A8B-38CF-8D42-703136287C1A}.Release|x64.ActiveCfg = Release|x64
		{B81591EC-4A8B-38CF-8D42-703136287C1A}.Release|x64.Build.0 = Release|x64
	EndGlobalSection
	GlobalSection(SolutionProperties) = preSolution
		HideSolutionNode = FALSE
	EndGlobalSection
	GlobalSection(NestedProjects) = preSolution
		{371B9FA9-4C90-4AC6-A123-ACED756D6C77} = {66B4F2CD-A608-4F93-B9F2-C68EDDF84C82}
		{3650DECB-313B-4C2D-88DB-9E59A8234B8D} = {66B4F2CD-A608-4F93-B9F2-C68EDDF84C82}
		{8FE8F28B-8B25-35D8-A6E1-060C10DF0CE7} = {66B4F2CD-A608-4F93-B9F2-C68EDDF84C82}
		{B5B5A607-B88E-392D-BA9A-DCD3F57CEE52} = {66B4F2CD-A608-4F93-B9F2-C68EDDF84C82}
		{2EBF2370-9313-3E61-93E2-BF9215E3BE2E} = {66B4F2CD-A608-4F93-B9F2-C68EDDF84C82}
		{66FDBE36-B4EA-3409-A20E-9F086238450E} = {66B4F2CD-A608-4F93-B9F2-C68EDDF84C82}
		{FFD7342C-39E2-3612-82E5-97E1A6F54388} = {66B4F2CD-A608-4F93-B9F2-C68EDDF84C82}
		{BFFC0D34-CF08-3547-9712-C9BCB7F29B3B} = {66B4F2CD-A608-4F93-B9F2-C68EDDF84C82}
		{EC7E4D95-F60B-3187-9AC7-AF30E20E6ADB} = {66B4F2CD-A608-4F93-B9F2-C68EDDF84C82}
		{2C6DC6B5-384C-314E-A810-AD53A0AA276F} = {66B4F2CD-A608-4F93-B9F2-C68EDDF84C82}
		{B81591EC-4A8B-38CF-8D42-703136287C1A} = {66B4F2CD-A608-4F93-B9F2-C68EDDF84C82}
	EndGlobalSection
	GlobalSection(ExtensibilityGlobals) = postSolution
		SolutionGuid = {B0C86F56-6EB2-4273-820E-8B30F5F59BEB}
	EndGlobalSection
EndGlobal
