
Microsoft Visual Studio Solution File, Format Version 12.00
# Visual Studio Version 17
Project("{2150E333-8FDC-42A3-9474-1A3956D46DE8}") = "CMakePredefinedTargets", "CMakePredefinedTargets", "{1F9A5A3D-B04C-3450-BB62-C1DEAE1D6DA4}"
EndProject
Project("{2150E333-8FDC-42A3-9474-1A3956D46DE8}") = "Libraries", "Libraries", "{7FAB8535-DD2F-3752-B6BC-80FE6FE203C0}"
EndProject
Project("{8BC9CEB8-8B4A-11D0-8D11-00A0C91BC942}") = "ALL_BUILD", "ALL_BUILD.vcxproj", "{254B5084-2410-327F-B60E-82D2EA5F065B}"
	ProjectSection(ProjectDependencies) = postProject
		{FFD7342C-39E2-3612-82E5-97E1A6F54388} = {FFD7342C-39E2-3612-82E5-97E1A6F54388}
		{AD1E5A32-35B6-3D35-8B16-29B290F3C72B} = {AD1E5A32-35B6-3D35-8B16-29B290F3C72B}
	EndProjectSection
EndProject
Project("{8BC9CEB8-8B4A-11D0-8D11-00A0C91BC942}") = "Effekseer", "..\Effekseer\Effekseer.vcxproj", "{66FDBE36-B4EA-3409-A20E-9F086238450E}"
	ProjectSection(ProjectDependencies) = postProject
		{AD1E5A32-35B6-3D35-8B16-29B290F3C72B} = {AD1E5A32-35B6-3D35-8B16-29B290F3C72B}
	EndProjectSection
EndProject
Project("{8BC9CEB8-8B4A-11D0-8D11-00A0C91BC942}") = "EffekseerRendererCommon", "EffekseerRendererCommon.vcxproj", "{FFD7342C-39E2-3612-82E5-97E1A6F54388}"
	ProjectSection(ProjectDependencies) = postProject
		{66FDBE36-B4EA-3409-A20E-9F086238450E} = {66FDBE36-B4EA-3409-A20E-9F086238450E}
		{AD1E5A32-35B6-3D35-8B16-29B290F3C72B} = {AD1E5A32-35B6-3D35-8B16-29B290F3C72B}
	EndProjectSection
EndProject
Project("{8BC9CEB8-8B4A-11D0-8D11-00A0C91BC942}") = "INSTALL", "INSTALL.vcxproj", "{B2EA93F4-774E-3549-80E1-4A975A3451E6}"
	ProjectSection(ProjectDependencies) = postProject
		{254B5084-2410-327F-B60E-82D2EA5F065B} = {254B5084-2410-327F-B60E-82D2EA5F065B}
		{AD1E5A32-35B6-3D35-8B16-29B290F3C72B} = {AD1E5A32-35B6-3D35-8B16-29B290F3C72B}
	EndProjectSection
EndProject
Project("{8BC9CEB8-8B4A-11D0-8D11-00A0C91BC942}") = "ZERO_CHECK", "..\..\..\\ZERO_CHECK.vcxproj", "{AD1E5A32-35B6-3D35-8B16-29B290F3C72B}"
	ProjectSection(ProjectDependencies) = postProject
	EndProjectSection
EndProject
Global
	GlobalSection(SolutionConfigurationPlatforms) = preSolution
		Debug|x64 = Debug|x64
		Release|x64 = Release|x64
		MinSizeRel|x64 = MinSizeRel|x64
		RelWithDebInfo|x64 = RelWithDebInfo|x64
	EndGlobalSection
	GlobalSection(ProjectConfigurationPlatforms) = postSolution
		{254B5084-2410-327F-B60E-82D2EA5F065B}.Debug|x64.ActiveCfg = Debug|x64
		{254B5084-2410-327F-B60E-82D2EA5F065B}.Debug|x64.Build.0 = Debug|x64
		{254B5084-2410-327F-B60E-82D2EA5F065B}.Release|x64.ActiveCfg = Release|x64
		{254B5084-2410-327F-B60E-82D2EA5F065B}.Release|x64.Build.0 = Release|x64
		{254B5084-2410-327F-B60E-82D2EA5F065B}.MinSizeRel|x64.ActiveCfg = MinSizeRel|x64
		{254B5084-2410-327F-B60E-82D2EA5F065B}.MinSizeRel|x64.Build.0 = MinSizeRel|x64
		{254B5084-2410-327F-B60E-82D2EA5F065B}.RelWithDebInfo|x64.ActiveCfg = RelWithDebInfo|x64
		{254B5084-2410-327F-B60E-82D2EA5F065B}.RelWithDebInfo|x64.Build.0 = RelWithDebInfo|x64
		{66FDBE36-B4EA-3409-A20E-9F086238450E}.Debug|x64.ActiveCfg = Debug|x64
		{66FDBE36-B4EA-3409-A20E-9F086238450E}.Debug|x64.Build.0 = Debug|x64
		{66FDBE36-B4EA-3409-A20E-9F086238450E}.Release|x64.ActiveCfg = Release|x64
		{66FDBE36-B4EA-3409-A20E-9F086238450E}.Release|x64.Build.0 = Release|x64
		{66FDBE36-B4EA-3409-A20E-9F086238450E}.MinSizeRel|x64.ActiveCfg = MinSizeRel|x64
		{66FDBE36-B4EA-3409-A20E-9F086238450E}.MinSizeRel|x64.Build.0 = MinSizeRel|x64
		{66FDBE36-B4EA-3409-A20E-9F086238450E}.RelWithDebInfo|x64.ActiveCfg = RelWithDebInfo|x64
		{66FDBE36-B4EA-3409-A20E-9F086238450E}.RelWithDebInfo|x64.Build.0 = RelWithDebInfo|x64
		{FFD7342C-39E2-3612-82E5-97E1A6F54388}.Debug|x64.ActiveCfg = Debug|x64
		{FFD7342C-39E2-3612-82E5-97E1A6F54388}.Debug|x64.Build.0 = Debug|x64
		{FFD7342C-39E2-3612-82E5-97E1A6F54388}.Release|x64.ActiveCfg = Release|x64
		{FFD7342C-39E2-3612-82E5-97E1A6F54388}.Release|x64.Build.0 = Release|x64
		{FFD7342C-39E2-3612-82E5-97E1A6F54388}.MinSizeRel|x64.ActiveCfg = MinSizeRel|x64
		{FFD7342C-39E2-3612-82E5-97E1A6F54388}.MinSizeRel|x64.Build.0 = MinSizeRel|x64
		{FFD7342C-39E2-3612-82E5-97E1A6F54388}.RelWithDebInfo|x64.ActiveCfg = RelWithDebInfo|x64
		{FFD7342C-39E2-3612-82E5-97E1A6F54388}.RelWithDebInfo|x64.Build.0 = RelWithDebInfo|x64
		{B2EA93F4-774E-3549-80E1-4A975A3451E6}.Debug|x64.ActiveCfg = Debug|x64
		{B2EA93F4-774E-3549-80E1-4A975A3451E6}.Release|x64.ActiveCfg = Release|x64
		{B2EA93F4-774E-3549-80E1-4A975A3451E6}.MinSizeRel|x64.ActiveCfg = MinSizeRel|x64
		{B2EA93F4-774E-3549-80E1-4A975A3451E6}.RelWithDebInfo|x64.ActiveCfg = RelWithDebInfo|x64
		{AD1E5A32-35B6-3D35-8B16-29B290F3C72B}.Debug|x64.ActiveCfg = Debug|x64
		{AD1E5A32-35B6-3D35-8B16-29B290F3C72B}.Debug|x64.Build.0 = Debug|x64
		{AD1E5A32-35B6-3D35-8B16-29B290F3C72B}.Release|x64.ActiveCfg = Release|x64
		{AD1E5A32-35B6-3D35-8B16-29B290F3C72B}.Release|x64.Build.0 = Release|x64
		{AD1E5A32-35B6-3D35-8B16-29B290F3C72B}.MinSizeRel|x64.ActiveCfg = MinSizeRel|x64
		{AD1E5A32-35B6-3D35-8B16-29B290F3C72B}.MinSizeRel|x64.Build.0 = MinSizeRel|x64
		{AD1E5A32-35B6-3D35-8B16-29B290F3C72B}.RelWithDebInfo|x64.ActiveCfg = RelWithDebInfo|x64
		{AD1E5A32-35B6-3D35-8B16-29B290F3C72B}.RelWithDebInfo|x64.Build.0 = RelWithDebInfo|x64
	EndGlobalSection
	GlobalSection(NestedProjects) = preSolution
		{254B5084-2410-327F-B60E-82D2EA5F065B} = {1F9A5A3D-B04C-3450-BB62-C1DEAE1D6DA4}
		{B2EA93F4-774E-3549-80E1-4A975A3451E6} = {1F9A5A3D-B04C-3450-BB62-C1DEAE1D6DA4}
		{AD1E5A32-35B6-3D35-8B16-29B290F3C72B} = {1F9A5A3D-B04C-3450-BB62-C1DEAE1D6DA4}
		{66FDBE36-B4EA-3409-A20E-9F086238450E} = {7FAB8535-DD2F-3752-B6BC-80FE6FE203C0}
		{FFD7342C-39E2-3612-82E5-97E1A6F54388} = {7FAB8535-DD2F-3752-B6BC-80FE6FE203C0}
	EndGlobalSection
	GlobalSection(ExtensibilityGlobals) = postSolution
		SolutionGuid = {9F0EFFA2-46BB-3B09-A0AE-4F1B8648C6BD}
	EndGlobalSection
	GlobalSection(ExtensibilityAddIns) = postSolution
	EndGlobalSection
EndGlobal
