
Microsoft Visual Studio Solution File, Format Version 12.00
# Visual Studio Version 17
Project("{8BC9CEB8-8B4A-11D0-8D11-00A0C91BC942}") = "ALL_BUILD", "ALL_BUILD.vcxproj", "{B8A6CF03-AB65-3A6A-9748-8669E4F73291}"
	ProjectSection(ProjectDependencies) = postProject
		{B89A4A31-96BA-3904-BC84-53A3CF839460} = {B89A4A31-96BA-3904-BC84-53A3CF839460}
		{7706FFFE-CE0D-3359-A881-A6DCF2EFA28E} = {7706FFFE-CE0D-3359-A881-A6DCF2EFA28E}
		{E853A1B5-7DC5-30E1-B529-8CDA31F3183C} = {E853A1B5-7DC5-30E1-B529-8CDA31F3183C}
		{7824DC3E-B485-39A1-B650-864858800BFB} = {7824DC3E-B485-39A1-B650-864858800BFB}
	EndProjectSection
EndProject
Project("{8BC9CEB8-8B4A-11D0-8D11-00A0C91BC942}") = "INSTALL", "INSTALL.vcxproj", "{D2EBB968-DDE9-3F5F-A2B4-C7462B05C1F6}"
	ProjectSection(ProjectDependencies) = postProject
		{B8A6CF03-AB65-3A6A-9748-8669E4F73291} = {B8A6CF03-AB65-3A6A-9748-8669E4F73291}
		{B89A4A31-96BA-3904-BC84-53A3CF839460} = {B89A4A31-96BA-3904-BC84-53A3CF839460}
	EndProjectSection
EndProject
Project("{8BC9CEB8-8B4A-11D0-8D11-00A0C91BC942}") = "UpdateAssimpLibsDebugSymbolsAndDLLs", "UpdateAssimpLibsDebugSymbolsAndDLLs.vcxproj", "{9968FEBE-3F2B-3A4D-A46F-C0C3AC3B7C6D}"
	ProjectSection(ProjectDependencies) = postProject
		{B89A4A31-96BA-3904-BC84-53A3CF839460} = {B89A4A31-96BA-3904-BC84-53A3CF839460}
	EndProjectSection
EndProject
Project("{8BC9CEB8-8B4A-11D0-8D11-00A0C91BC942}") = "ZERO_CHECK", "ZERO_CHECK.vcxproj", "{B89A4A31-96BA-3904-BC84-53A3CF839460}"
	ProjectSection(ProjectDependencies) = postProject
	EndProjectSection
EndProject
Project("{8BC9CEB8-8B4A-11D0-8D11-00A0C91BC942}") = "assimp", "code\assimp.vcxproj", "{7706FFFE-CE0D-3359-A881-A6DCF2EFA28E}"
	ProjectSection(ProjectDependencies) = postProject
		{B89A4A31-96BA-3904-BC84-53A3CF839460} = {B89A4A31-96BA-3904-BC84-53A3CF839460}
		{7824DC3E-B485-39A1-B650-864858800BFB} = {7824DC3E-B485-39A1-B650-864858800BFB}
	EndProjectSection
EndProject
Project("{8BC9CEB8-8B4A-11D0-8D11-00A0C91BC942}") = "uninstall", "uninstall.vcxproj", "{72D4909C-152D-3812-983E-98A6B1615D98}"
	ProjectSection(ProjectDependencies) = postProject
		{B89A4A31-96BA-3904-BC84-53A3CF839460} = {B89A4A31-96BA-3904-BC84-53A3CF839460}
	EndProjectSection
EndProject
Project("{8BC9CEB8-8B4A-11D0-8D11-00A0C91BC942}") = "unit", "test\unit.vcxproj", "{E853A1B5-7DC5-30E1-B529-8CDA31F3183C}"
	ProjectSection(ProjectDependencies) = postProject
		{B89A4A31-96BA-3904-BC84-53A3CF839460} = {B89A4A31-96BA-3904-BC84-53A3CF839460}
		{7706FFFE-CE0D-3359-A881-A6DCF2EFA28E} = {7706FFFE-CE0D-3359-A881-A6DCF2EFA28E}
		{7824DC3E-B485-39A1-B650-864858800BFB} = {7824DC3E-B485-39A1-B650-864858800BFB}
	EndProjectSection
EndProject
Project("{8BC9CEB8-8B4A-11D0-8D11-00A0C91BC942}") = "zlibstatic", "contrib\zlib\zlibstatic.vcxproj", "{7824DC3E-B485-39A1-B650-864858800BFB}"
	ProjectSection(ProjectDependencies) = postProject
		{B89A4A31-96BA-3904-BC84-53A3CF839460} = {B89A4A31-96BA-3904-BC84-53A3CF839460}
	EndProjectSection
EndProject
Global
	GlobalSection(SolutionConfigurationPlatforms) = preSolution
		Debug|x64 = Debug|x64
		Release|x64 = Release|x64
		MinSizeRel|x64 = MinSizeRel|x64
		RelWithDebInfo|x64 = RelWithDebInfo|x64
	EndGlobalSection
	GlobalSection(ProjectConfigurationPlatforms) = postSolution
		{B8A6CF03-AB65-3A6A-9748-8669E4F73291}.Debug|x64.ActiveCfg = Debug|x64
		{B8A6CF03-AB65-3A6A-9748-8669E4F73291}.Debug|x64.Build.0 = Debug|x64
		{B8A6CF03-AB65-3A6A-9748-8669E4F73291}.Release|x64.ActiveCfg = Release|x64
		{B8A6CF03-AB65-3A6A-9748-8669E4F73291}.Release|x64.Build.0 = Release|x64
		{B8A6CF03-AB65-3A6A-9748-8669E4F73291}.MinSizeRel|x64.ActiveCfg = MinSizeRel|x64
		{B8A6CF03-AB65-3A6A-9748-8669E4F73291}.MinSizeRel|x64.Build.0 = MinSizeRel|x64
		{B8A6CF03-AB65-3A6A-9748-8669E4F73291}.RelWithDebInfo|x64.ActiveCfg = RelWithDebInfo|x64
		{B8A6CF03-AB65-3A6A-9748-8669E4F73291}.RelWithDebInfo|x64.Build.0 = RelWithDebInfo|x64
		{D2EBB968-DDE9-3F5F-A2B4-C7462B05C1F6}.Debug|x64.ActiveCfg = Debug|x64
		{D2EBB968-DDE9-3F5F-A2B4-C7462B05C1F6}.Release|x64.ActiveCfg = Release|x64
		{D2EBB968-DDE9-3F5F-A2B4-C7462B05C1F6}.MinSizeRel|x64.ActiveCfg = MinSizeRel|x64
		{D2EBB968-DDE9-3F5F-A2B4-C7462B05C1F6}.RelWithDebInfo|x64.ActiveCfg = RelWithDebInfo|x64
		{9968FEBE-3F2B-3A4D-A46F-C0C3AC3B7C6D}.Debug|x64.ActiveCfg = Debug|x64
		{9968FEBE-3F2B-3A4D-A46F-C0C3AC3B7C6D}.Release|x64.ActiveCfg = Release|x64
		{9968FEBE-3F2B-3A4D-A46F-C0C3AC3B7C6D}.MinSizeRel|x64.ActiveCfg = MinSizeRel|x64
		{9968FEBE-3F2B-3A4D-A46F-C0C3AC3B7C6D}.RelWithDebInfo|x64.ActiveCfg = RelWithDebInfo|x64
		{B89A4A31-96BA-3904-BC84-53A3CF839460}.Debug|x64.ActiveCfg = Debug|x64
		{B89A4A31-96BA-3904-BC84-53A3CF839460}.Debug|x64.Build.0 = Debug|x64
		{B89A4A31-96BA-3904-BC84-53A3CF839460}.Release|x64.ActiveCfg = Release|x64
		{B89A4A31-96BA-3904-BC84-53A3CF839460}.Release|x64.Build.0 = Release|x64
		{B89A4A31-96BA-3904-BC84-53A3CF839460}.MinSizeRel|x64.ActiveCfg = MinSizeRel|x64
		{B89A4A31-96BA-3904-BC84-53A3CF839460}.MinSizeRel|x64.Build.0 = MinSizeRel|x64
		{B89A4A31-96BA-3904-BC84-53A3CF839460}.RelWithDebInfo|x64.ActiveCfg = RelWithDebInfo|x64
		{B89A4A31-96BA-3904-BC84-53A3CF839460}.RelWithDebInfo|x64.Build.0 = RelWithDebInfo|x64
		{7706FFFE-CE0D-3359-A881-A6DCF2EFA28E}.Debug|x64.ActiveCfg = Debug|x64
		{7706FFFE-CE0D-3359-A881-A6DCF2EFA28E}.Debug|x64.Build.0 = Debug|x64
		{7706FFFE-CE0D-3359-A881-A6DCF2EFA28E}.Release|x64.ActiveCfg = Release|x64
		{7706FFFE-CE0D-3359-A881-A6DCF2EFA28E}.Release|x64.Build.0 = Release|x64
		{7706FFFE-CE0D-3359-A881-A6DCF2EFA28E}.MinSizeRel|x64.ActiveCfg = MinSizeRel|x64
		{7706FFFE-CE0D-3359-A881-A6DCF2EFA28E}.MinSizeRel|x64.Build.0 = MinSizeRel|x64
		{7706FFFE-CE0D-3359-A881-A6DCF2EFA28E}.RelWithDebInfo|x64.ActiveCfg = RelWithDebInfo|x64
		{7706FFFE-CE0D-3359-A881-A6DCF2EFA28E}.RelWithDebInfo|x64.Build.0 = RelWithDebInfo|x64
		{72D4909C-152D-3812-983E-98A6B1615D98}.Debug|x64.ActiveCfg = Debug|x64
		{72D4909C-152D-3812-983E-98A6B1615D98}.Release|x64.ActiveCfg = Release|x64
		{72D4909C-152D-3812-983E-98A6B1615D98}.MinSizeRel|x64.ActiveCfg = MinSizeRel|x64
		{72D4909C-152D-3812-983E-98A6B1615D98}.RelWithDebInfo|x64.ActiveCfg = RelWithDebInfo|x64
		{E853A1B5-7DC5-30E1-B529-8CDA31F3183C}.Debug|x64.ActiveCfg = Debug|x64
		{E853A1B5-7DC5-30E1-B529-8CDA31F3183C}.Debug|x64.Build.0 = Debug|x64
		{E853A1B5-7DC5-30E1-B529-8CDA31F3183C}.Release|x64.ActiveCfg = Release|x64
		{E853A1B5-7DC5-30E1-B529-8CDA31F3183C}.Release|x64.Build.0 = Release|x64
		{E853A1B5-7DC5-30E1-B529-8CDA31F3183C}.MinSizeRel|x64.ActiveCfg = MinSizeRel|x64
		{E853A1B5-7DC5-30E1-B529-8CDA31F3183C}.MinSizeRel|x64.Build.0 = MinSizeRel|x64
		{E853A1B5-7DC5-30E1-B529-8CDA31F3183C}.RelWithDebInfo|x64.ActiveCfg = RelWithDebInfo|x64
		{E853A1B5-7DC5-30E1-B529-8CDA31F3183C}.RelWithDebInfo|x64.Build.0 = RelWithDebInfo|x64
		{7824DC3E-B485-39A1-B650-864858800BFB}.Debug|x64.ActiveCfg = Debug|x64
		{7824DC3E-B485-39A1-B650-864858800BFB}.Debug|x64.Build.0 = Debug|x64
		{7824DC3E-B485-39A1-B650-864858800BFB}.Release|x64.ActiveCfg = Release|x64
		{7824DC3E-B485-39A1-B650-864858800BFB}.Release|x64.Build.0 = Release|x64
		{7824DC3E-B485-39A1-B650-864858800BFB}.MinSizeRel|x64.ActiveCfg = MinSizeRel|x64
		{7824DC3E-B485-39A1-B650-864858800BFB}.MinSizeRel|x64.Build.0 = MinSizeRel|x64
		{7824DC3E-B485-39A1-B650-864858800BFB}.RelWithDebInfo|x64.ActiveCfg = RelWithDebInfo|x64
		{7824DC3E-B485-39A1-B650-864858800BFB}.RelWithDebInfo|x64.Build.0 = RelWithDebInfo|x64
	EndGlobalSection
	GlobalSection(ExtensibilityGlobals) = postSolution
		SolutionGuid = {21400C50-2CAD-3C7C-9113-C3EFD907B376}
	EndGlobalSection
	GlobalSection(ExtensibilityAddIns) = postSolution
	EndGlobalSection
EndGlobal
