<?xml version="1.0" encoding="utf-8"?>
<Project ToolsVersion="17.0" xmlns="http://schemas.microsoft.com/developer/msbuild/2003">
  <ItemGroup>
    <ClCompile Include="$(SolutionDir)SrcExternal\Assimp\code\Common\Assimp.cpp" />
    <ClCompile Include="$(SolutionDir)SrcExternal\Assimp\code\CApi\CInterfaceIOWrapper.cpp" />
    <ClCompile Include="$(SolutionDir)SrcExternal\Assimp\code\Common\Compression.cpp" />
    <ClCompile Include="$(SolutionDir)SrcExternal\Assimp\code\Common\BaseImporter.cpp" />
    <ClCompile Include="$(SolutionDir)SrcExternal\Assimp\code\Common\BaseProcess.cpp" />
    <ClCompile Include="$(SolutionDir)SrcExternal\Assimp\code\Common\PostStepRegistry.cpp" />
    <ClCompile Include="$(SolutionDir)SrcExternal\Assimp\code\Common\ImporterRegistry.cpp" />
    <ClCompile Include="$(SolutionDir)SrcExternal\Assimp\code\Common\DefaultIOStream.cpp" />
    <ClCompile Include="$(SolutionDir)SrcExternal\Assimp\code\Common\IOSystem.cpp" />
    <ClCompile Include="$(SolutionDir)SrcExternal\Assimp\code\Common\DefaultIOSystem.cpp" />
    <ClCompile Include="$(SolutionDir)SrcExternal\Assimp\code\Common\ZipArchiveIOSystem.cpp" />
    <ClCompile Include="$(SolutionDir)SrcExternal\Assimp\code\Common\Importer.cpp" />
    <ClCompile Include="$(SolutionDir)SrcExternal\Assimp\code\Common\SGSpatialSort.cpp" />
    <ClCompile Include="$(SolutionDir)SrcExternal\Assimp\code\Common\VertexTriangleAdjacency.cpp" />
    <ClCompile Include="$(SolutionDir)SrcExternal\Assimp\code\Common\SpatialSort.cpp" />
    <ClCompile Include="$(SolutionDir)SrcExternal\Assimp\code\Common\SceneCombiner.cpp" />
    <ClCompile Include="$(SolutionDir)SrcExternal\Assimp\code\Common\ScenePreprocessor.cpp" />
    <ClCompile Include="$(SolutionDir)SrcExternal\Assimp\code\Common\SkeletonMeshBuilder.cpp" />
    <ClCompile Include="$(SolutionDir)SrcExternal\Assimp\code\Common\StandardShapes.cpp" />
    <ClCompile Include="$(SolutionDir)SrcExternal\Assimp\code\Common\TargetAnimation.cpp" />
    <ClCompile Include="$(SolutionDir)SrcExternal\Assimp\code\Common\RemoveComments.cpp" />
    <ClCompile Include="$(SolutionDir)SrcExternal\Assimp\code\Common\Subdivision.cpp" />
    <ClCompile Include="$(SolutionDir)SrcExternal\Assimp\code\Common\scene.cpp" />
    <ClCompile Include="$(SolutionDir)SrcExternal\Assimp\code\Common\Bitmap.cpp" />
    <ClCompile Include="$(SolutionDir)SrcExternal\Assimp\code\Common\Version.cpp" />
    <ClCompile Include="$(SolutionDir)SrcExternal\Assimp\code\Common\CreateAnimMesh.cpp" />
    <ClCompile Include="$(SolutionDir)SrcExternal\Assimp\code\Common\simd.cpp" />
    <ClCompile Include="$(SolutionDir)SrcExternal\Assimp\code\Common\material.cpp" />
    <ClCompile Include="$(SolutionDir)SrcExternal\Assimp\code\Common\AssertHandler.cpp" />
    <ClCompile Include="$(SolutionDir)SrcExternal\Assimp\code\Common\Exceptional.cpp" />
    <ClCompile Include="$(SolutionDir)SrcExternal\Assimp\code\Common\Base64.cpp" />
    <ClCompile Include="$(SolutionDir)SrcExternal\Assimp\code\Common\DefaultLogger.cpp" />
    <ClCompile Include="$(SolutionDir)SrcExternal\Assimp\code\Common\Exporter.cpp" />
    <ClCompile Include="$(SolutionDir)SrcExternal\Assimp\code\CApi\AssimpCExport.cpp" />
    <ClCompile Include="$(SolutionDir)SrcExternal\Assimp\code\PostProcessing\CalcTangentsProcess.cpp" />
    <ClCompile Include="$(SolutionDir)SrcExternal\Assimp\code\PostProcessing\ComputeUVMappingProcess.cpp" />
    <ClCompile Include="$(SolutionDir)SrcExternal\Assimp\code\PostProcessing\ConvertToLHProcess.cpp" />
    <ClCompile Include="$(SolutionDir)SrcExternal\Assimp\code\PostProcessing\EmbedTexturesProcess.cpp" />
    <ClCompile Include="$(SolutionDir)SrcExternal\Assimp\code\PostProcessing\FindDegenerates.cpp" />
    <ClCompile Include="$(SolutionDir)SrcExternal\Assimp\code\PostProcessing\FindInstancesProcess.cpp" />
    <ClCompile Include="$(SolutionDir)SrcExternal\Assimp\code\PostProcessing\FindInvalidDataProcess.cpp" />
    <ClCompile Include="$(SolutionDir)SrcExternal\Assimp\code\PostProcessing\FixNormalsStep.cpp" />
    <ClCompile Include="$(SolutionDir)SrcExternal\Assimp\code\PostProcessing\DropFaceNormalsProcess.cpp" />
    <ClCompile Include="$(SolutionDir)SrcExternal\Assimp\code\PostProcessing\GenFaceNormalsProcess.cpp" />
    <ClCompile Include="$(SolutionDir)SrcExternal\Assimp\code\PostProcessing\GenVertexNormalsProcess.cpp" />
    <ClCompile Include="$(SolutionDir)SrcExternal\Assimp\code\PostProcessing\PretransformVertices.cpp" />
    <ClCompile Include="$(SolutionDir)SrcExternal\Assimp\code\PostProcessing\ImproveCacheLocality.cpp" />
    <ClCompile Include="$(SolutionDir)SrcExternal\Assimp\code\PostProcessing\JoinVerticesProcess.cpp" />
    <ClCompile Include="$(SolutionDir)SrcExternal\Assimp\code\PostProcessing\LimitBoneWeightsProcess.cpp" />
    <ClCompile Include="$(SolutionDir)SrcExternal\Assimp\code\PostProcessing\RemoveRedundantMaterials.cpp" />
    <ClCompile Include="$(SolutionDir)SrcExternal\Assimp\code\PostProcessing\RemoveVCProcess.cpp" />
    <ClCompile Include="$(SolutionDir)SrcExternal\Assimp\code\PostProcessing\SortByPTypeProcess.cpp" />
    <ClCompile Include="$(SolutionDir)SrcExternal\Assimp\code\PostProcessing\SplitLargeMeshes.cpp" />
    <ClCompile Include="$(SolutionDir)SrcExternal\Assimp\code\PostProcessing\TextureTransform.cpp" />
    <ClCompile Include="$(SolutionDir)SrcExternal\Assimp\code\PostProcessing\TriangulateProcess.cpp" />
    <ClCompile Include="$(SolutionDir)SrcExternal\Assimp\code\PostProcessing\ValidateDataStructure.cpp" />
    <ClCompile Include="$(SolutionDir)SrcExternal\Assimp\code\PostProcessing\OptimizeGraph.cpp" />
    <ClCompile Include="$(SolutionDir)SrcExternal\Assimp\code\PostProcessing\OptimizeMeshes.cpp" />
    <ClCompile Include="$(SolutionDir)SrcExternal\Assimp\code\PostProcessing\DeboneProcess.cpp" />
    <ClCompile Include="$(SolutionDir)SrcExternal\Assimp\code\PostProcessing\ProcessHelper.cpp" />
    <ClCompile Include="$(SolutionDir)SrcExternal\Assimp\code\PostProcessing\MakeVerboseFormat.cpp" />
    <ClCompile Include="$(SolutionDir)SrcExternal\Assimp\code\PostProcessing\ScaleProcess.cpp" />
    <ClCompile Include="$(SolutionDir)SrcExternal\Assimp\code\PostProcessing\ArmaturePopulate.cpp" />
    <ClCompile Include="$(SolutionDir)SrcExternal\Assimp\code\PostProcessing\GenBoundingBoxesProcess.cpp" />
    <ClCompile Include="$(SolutionDir)SrcExternal\Assimp\code\PostProcessing\SplitByBoneCountProcess.cpp" />
    <ClCompile Include="$(SolutionDir)SrcExternal\Assimp\code\Material\MaterialSystem.cpp" />
    <ClCompile Include="$(SolutionDir)SrcExternal\Assimp\code\AssetLib\STEPParser\STEPFileReader.cpp" />
    <ClCompile Include="$(SolutionDir)SrcExternal\Assimp\code\AssetLib\STEPParser\STEPFileEncoding.cpp" />
    <ClCompile Include="$(SolutionDir)SrcExternal\Assimp\code\AssetLib\AMF\AMFImporter.cpp" />
    <ClCompile Include="$(SolutionDir)SrcExternal\Assimp\code\AssetLib\AMF\AMFImporter_Geometry.cpp" />
    <ClCompile Include="$(SolutionDir)SrcExternal\Assimp\code\AssetLib\AMF\AMFImporter_Material.cpp" />
    <ClCompile Include="$(SolutionDir)SrcExternal\Assimp\code\AssetLib\AMF\AMFImporter_Postprocess.cpp" />
    <ClCompile Include="$(SolutionDir)SrcExternal\Assimp\code\AssetLib\3DS\3DSConverter.cpp" />
    <ClCompile Include="$(SolutionDir)SrcExternal\Assimp\code\AssetLib\3DS\3DSLoader.cpp" />
    <ClCompile Include="$(SolutionDir)SrcExternal\Assimp\code\AssetLib\AC\ACLoader.cpp" />
    <ClCompile Include="$(SolutionDir)SrcExternal\Assimp\code\AssetLib\ASE\ASELoader.cpp" />
    <ClCompile Include="$(SolutionDir)SrcExternal\Assimp\code\AssetLib\ASE\ASEParser.cpp" />
    <ClCompile Include="$(SolutionDir)SrcExternal\Assimp\code\AssetLib\Assbin\AssbinLoader.cpp" />
    <ClCompile Include="$(SolutionDir)SrcExternal\Assimp\code\AssetLib\B3D\B3DImporter.cpp" />
    <ClCompile Include="$(SolutionDir)SrcExternal\Assimp\code\AssetLib\BVH\BVHLoader.cpp" />
    <ClCompile Include="$(SolutionDir)SrcExternal\Assimp\code\AssetLib\Collada\ColladaHelper.cpp" />
    <ClCompile Include="$(SolutionDir)SrcExternal\Assimp\code\AssetLib\Collada\ColladaLoader.cpp" />
    <ClCompile Include="$(SolutionDir)SrcExternal\Assimp\code\AssetLib\Collada\ColladaParser.cpp" />
    <ClCompile Include="$(SolutionDir)SrcExternal\Assimp\code\AssetLib\DXF\DXFLoader.cpp" />
    <ClCompile Include="$(SolutionDir)SrcExternal\Assimp\code\AssetLib\CSM\CSMLoader.cpp" />
    <ClCompile Include="$(SolutionDir)SrcExternal\Assimp\code\AssetLib\HMP\HMPLoader.cpp" />
    <ClCompile Include="$(SolutionDir)SrcExternal\Assimp\code\AssetLib\Irr\IRRMeshLoader.cpp" />
    <ClCompile Include="$(SolutionDir)SrcExternal\Assimp\code\AssetLib\Irr\IRRShared.cpp" />
    <ClCompile Include="$(SolutionDir)SrcExternal\Assimp\code\AssetLib\IQM\IQMImporter.cpp" />
    <ClCompile Include="$(SolutionDir)SrcExternal\Assimp\code\AssetLib\Irr\IRRLoader.cpp" />
    <ClCompile Include="$(SolutionDir)SrcExternal\Assimp\code\AssetLib\LWO\LWOAnimation.cpp" />
    <ClCompile Include="$(SolutionDir)SrcExternal\Assimp\code\AssetLib\LWO\LWOBLoader.cpp" />
    <ClCompile Include="$(SolutionDir)SrcExternal\Assimp\code\AssetLib\LWO\LWOLoader.cpp" />
    <ClCompile Include="$(SolutionDir)SrcExternal\Assimp\code\AssetLib\LWO\LWOMaterial.cpp" />
    <ClCompile Include="$(SolutionDir)SrcExternal\Assimp\code\AssetLib\LWS\LWSLoader.cpp" />
    <ClCompile Include="$(SolutionDir)SrcExternal\Assimp\code\AssetLib\M3D\M3DImporter.cpp" />
    <ClCompile Include="$(SolutionDir)SrcExternal\Assimp\code\AssetLib\M3D\M3DWrapper.cpp" />
    <ClCompile Include="$(SolutionDir)SrcExternal\Assimp\code\AssetLib\MD2\MD2Loader.cpp" />
    <ClCompile Include="$(SolutionDir)SrcExternal\Assimp\code\AssetLib\MD3\MD3Loader.cpp" />
    <ClCompile Include="$(SolutionDir)SrcExternal\Assimp\code\AssetLib\MD5\MD5Loader.cpp" />
    <ClCompile Include="$(SolutionDir)SrcExternal\Assimp\code\AssetLib\MD5\MD5Parser.cpp" />
    <ClCompile Include="$(SolutionDir)SrcExternal\Assimp\code\AssetLib\MDC\MDCLoader.cpp" />
    <ClCompile Include="$(SolutionDir)SrcExternal\Assimp\code\AssetLib\MDL\MDLLoader.cpp" />
    <ClCompile Include="$(SolutionDir)SrcExternal\Assimp\code\AssetLib\MDL\MDLMaterialLoader.cpp" />
    <ClCompile Include="$(SolutionDir)SrcExternal\Assimp\code\AssetLib\MDL\HalfLife\HL1MDLLoader.cpp" />
    <ClCompile Include="$(SolutionDir)SrcExternal\Assimp\code\AssetLib\MDL\HalfLife\UniqueNameGenerator.cpp" />
    <ClCompile Include="$(SolutionDir)SrcExternal\Assimp\code\AssetLib\NFF\NFFLoader.cpp" />
    <ClCompile Include="$(SolutionDir)SrcExternal\Assimp\code\AssetLib\NDO\NDOLoader.cpp" />
    <ClCompile Include="$(SolutionDir)SrcExternal\Assimp\code\AssetLib\OFF\OFFLoader.cpp" />
    <ClCompile Include="$(SolutionDir)SrcExternal\Assimp\code\AssetLib\Obj\ObjFileImporter.cpp" />
    <ClCompile Include="$(SolutionDir)SrcExternal\Assimp\code\AssetLib\Obj\ObjFileMtlImporter.cpp" />
    <ClCompile Include="$(SolutionDir)SrcExternal\Assimp\code\AssetLib\Obj\ObjFileParser.cpp" />
    <ClCompile Include="$(SolutionDir)SrcExternal\Assimp\code\AssetLib\Ogre\OgreImporter.cpp" />
    <ClCompile Include="$(SolutionDir)SrcExternal\Assimp\code\AssetLib\Ogre\OgreStructs.cpp" />
    <ClCompile Include="$(SolutionDir)SrcExternal\Assimp\code\AssetLib\Ogre\OgreBinarySerializer.cpp" />
    <ClCompile Include="$(SolutionDir)SrcExternal\Assimp\code\AssetLib\Ogre\OgreXmlSerializer.cpp" />
    <ClCompile Include="$(SolutionDir)SrcExternal\Assimp\code\AssetLib\Ogre\OgreMaterial.cpp" />
    <ClCompile Include="$(SolutionDir)SrcExternal\Assimp\code\AssetLib\OpenGEX\OpenGEXImporter.cpp" />
    <ClCompile Include="$(SolutionDir)SrcExternal\Assimp\code\AssetLib\Ply\PlyLoader.cpp" />
    <ClCompile Include="$(SolutionDir)SrcExternal\Assimp\code\AssetLib\Ply\PlyParser.cpp" />
    <ClCompile Include="$(SolutionDir)SrcExternal\Assimp\code\AssetLib\MS3D\MS3DLoader.cpp" />
    <ClCompile Include="$(SolutionDir)SrcExternal\Assimp\code\AssetLib\COB\COBLoader.cpp" />
    <ClCompile Include="$(SolutionDir)SrcExternal\Assimp\code\AssetLib\Blender\BlenderLoader.cpp" />
    <ClCompile Include="$(SolutionDir)SrcExternal\Assimp\code\AssetLib\Blender\BlenderDNA.cpp" />
    <ClCompile Include="$(SolutionDir)SrcExternal\Assimp\code\AssetLib\Blender\BlenderScene.cpp" />
    <ClCompile Include="$(SolutionDir)SrcExternal\Assimp\code\AssetLib\Blender\BlenderModifier.cpp" />
    <ClCompile Include="$(SolutionDir)SrcExternal\Assimp\code\AssetLib\Blender\BlenderBMesh.cpp" />
    <ClCompile Include="$(SolutionDir)SrcExternal\Assimp\code\AssetLib\Blender\BlenderTessellator.cpp" />
    <ClCompile Include="$(SolutionDir)SrcExternal\Assimp\code\AssetLib\Blender\BlenderCustomData.cpp" />
    <ClCompile Include="$(SolutionDir)SrcExternal\Assimp\code\AssetLib\IFC\IFCLoader.cpp" />
    <ClCompile Include="$(SolutionDir)SrcExternal\Assimp\code\AssetLib\IFC\IFCReaderGen1_2x3.cpp" />
    <ClCompile Include="$(SolutionDir)SrcExternal\Assimp\code\AssetLib\IFC\IFCReaderGen2_2x3.cpp" />
    <ClCompile Include="$(SolutionDir)SrcExternal\Assimp\code\AssetLib\IFC\IFCUtil.cpp" />
    <ClCompile Include="$(SolutionDir)SrcExternal\Assimp\code\AssetLib\IFC\IFCGeometry.cpp" />
    <ClCompile Include="$(SolutionDir)SrcExternal\Assimp\code\AssetLib\IFC\IFCMaterial.cpp" />
    <ClCompile Include="$(SolutionDir)SrcExternal\Assimp\code\AssetLib\IFC\IFCProfile.cpp" />
    <ClCompile Include="$(SolutionDir)SrcExternal\Assimp\code\AssetLib\IFC\IFCCurve.cpp" />
    <ClCompile Include="$(SolutionDir)SrcExternal\Assimp\code\AssetLib\IFC\IFCBoolean.cpp" />
    <ClCompile Include="$(SolutionDir)SrcExternal\Assimp\code\AssetLib\IFC\IFCOpenings.cpp" />
    <ClCompile Include="$(SolutionDir)SrcExternal\Assimp\code\AssetLib\XGL\XGLLoader.cpp" />
    <ClCompile Include="$(SolutionDir)SrcExternal\Assimp\code\AssetLib\FBX\FBXImporter.cpp" />
    <ClCompile Include="$(SolutionDir)SrcExternal\Assimp\code\AssetLib\FBX\FBXParser.cpp" />
    <ClCompile Include="$(SolutionDir)SrcExternal\Assimp\code\AssetLib\FBX\FBXTokenizer.cpp" />
    <ClCompile Include="$(SolutionDir)SrcExternal\Assimp\code\AssetLib\FBX\FBXConverter.cpp" />
    <ClCompile Include="$(SolutionDir)SrcExternal\Assimp\code\AssetLib\FBX\FBXUtil.cpp" />
    <ClCompile Include="$(SolutionDir)SrcExternal\Assimp\code\AssetLib\FBX\FBXDocument.cpp" />
    <ClCompile Include="$(SolutionDir)SrcExternal\Assimp\code\AssetLib\FBX\FBXProperties.cpp" />
    <ClCompile Include="$(SolutionDir)SrcExternal\Assimp\code\AssetLib\FBX\FBXMeshGeometry.cpp" />
    <ClCompile Include="$(SolutionDir)SrcExternal\Assimp\code\AssetLib\FBX\FBXMaterial.cpp" />
    <ClCompile Include="$(SolutionDir)SrcExternal\Assimp\code\AssetLib\FBX\FBXModel.cpp" />
    <ClCompile Include="$(SolutionDir)SrcExternal\Assimp\code\AssetLib\FBX\FBXAnimation.cpp" />
    <ClCompile Include="$(SolutionDir)SrcExternal\Assimp\code\AssetLib\FBX\FBXNodeAttribute.cpp" />
    <ClCompile Include="$(SolutionDir)SrcExternal\Assimp\code\AssetLib\FBX\FBXDeformer.cpp" />
    <ClCompile Include="$(SolutionDir)SrcExternal\Assimp\code\AssetLib\FBX\FBXBinaryTokenizer.cpp" />
    <ClCompile Include="$(SolutionDir)SrcExternal\Assimp\code\AssetLib\FBX\FBXDocumentUtil.cpp" />
    <ClCompile Include="$(SolutionDir)SrcExternal\Assimp\code\AssetLib\Q3D\Q3DLoader.cpp" />
    <ClCompile Include="$(SolutionDir)SrcExternal\Assimp\code\AssetLib\Q3BSP\Q3BSPFileParser.cpp" />
    <ClCompile Include="$(SolutionDir)SrcExternal\Assimp\code\AssetLib\Q3BSP\Q3BSPFileImporter.cpp" />
    <ClCompile Include="$(SolutionDir)SrcExternal\Assimp\code\AssetLib\Raw\RawLoader.cpp" />
    <ClCompile Include="$(SolutionDir)SrcExternal\Assimp\code\AssetLib\SIB\SIBImporter.cpp" />
    <ClCompile Include="$(SolutionDir)SrcExternal\Assimp\code\AssetLib\SMD\SMDLoader.cpp" />
    <ClCompile Include="$(SolutionDir)SrcExternal\Assimp\code\AssetLib\STL\STLLoader.cpp" />
    <ClCompile Include="$(SolutionDir)SrcExternal\Assimp\code\AssetLib\Terragen\TerragenLoader.cpp" />
    <ClCompile Include="$(SolutionDir)SrcExternal\Assimp\code\AssetLib\Unreal\UnrealLoader.cpp" />
    <ClCompile Include="$(SolutionDir)SrcExternal\Assimp\code\AssetLib\X\XFileImporter.cpp" />
    <ClCompile Include="$(SolutionDir)SrcExternal\Assimp\code\AssetLib\X\XFileParser.cpp" />
    <ClCompile Include="$(SolutionDir)SrcExternal\Assimp\code\AssetLib\X3D\X3DImporter.cpp" />
    <ClCompile Include="$(SolutionDir)SrcExternal\Assimp\code\AssetLib\X3D\X3DImporter_Geometry2D.cpp" />
    <ClCompile Include="$(SolutionDir)SrcExternal\Assimp\code\AssetLib\X3D\X3DImporter_Geometry3D.cpp" />
    <ClCompile Include="$(SolutionDir)SrcExternal\Assimp\code\AssetLib\X3D\X3DImporter_Group.cpp" />
    <ClCompile Include="$(SolutionDir)SrcExternal\Assimp\code\AssetLib\X3D\X3DImporter_Light.cpp" />
    <ClCompile Include="$(SolutionDir)SrcExternal\Assimp\code\AssetLib\X3D\X3DImporter_Metadata.cpp" />
    <ClCompile Include="$(SolutionDir)SrcExternal\Assimp\code\AssetLib\X3D\X3DImporter_Networking.cpp" />
    <ClCompile Include="$(SolutionDir)SrcExternal\Assimp\code\AssetLib\X3D\X3DImporter_Postprocess.cpp" />
    <ClCompile Include="$(SolutionDir)SrcExternal\Assimp\code\AssetLib\X3D\X3DImporter_Rendering.cpp" />
    <ClCompile Include="$(SolutionDir)SrcExternal\Assimp\code\AssetLib\X3D\X3DImporter_Shape.cpp" />
    <ClCompile Include="$(SolutionDir)SrcExternal\Assimp\code\AssetLib\X3D\X3DImporter_Texturing.cpp" />
    <ClCompile Include="$(SolutionDir)SrcExternal\Assimp\code\AssetLib\X3D\X3DGeoHelper.cpp" />
    <ClCompile Include="$(SolutionDir)SrcExternal\Assimp\code\AssetLib\X3D\X3DXmlHelper.cpp" />
    <ClCompile Include="$(SolutionDir)SrcExternal\Assimp\code\AssetLib\glTF\glTFCommon.cpp" />
    <ClCompile Include="$(SolutionDir)SrcExternal\Assimp\code\AssetLib\glTF\glTFImporter.cpp" />
    <ClCompile Include="$(SolutionDir)SrcExternal\Assimp\code\AssetLib\glTF2\glTF2Importer.cpp" />
    <ClCompile Include="$(SolutionDir)SrcExternal\Assimp\code\AssetLib\3MF\XmlSerializer.cpp" />
    <ClCompile Include="$(SolutionDir)SrcExternal\Assimp\code\AssetLib\3MF\D3MFImporter.cpp" />
    <ClCompile Include="$(SolutionDir)SrcExternal\Assimp\code\AssetLib\3MF\D3MFOpcPackage.cpp" />
    <ClCompile Include="$(SolutionDir)SrcExternal\Assimp\code\AssetLib\MMD\MMDImporter.cpp" />
    <ClCompile Include="$(SolutionDir)SrcExternal\Assimp\code\AssetLib\MMD\MMDPmxParser.cpp" />
    <ClCompile Include="$(SolutionDir)SrcExternal\Assimp\code\AssetLib\Obj\ObjExporter.cpp" />
    <ClCompile Include="$(SolutionDir)SrcExternal\Assimp\code\AssetLib\OpenGEX\OpenGEXExporter.cpp" />
    <ClCompile Include="$(SolutionDir)SrcExternal\Assimp\code\AssetLib\Ply\PlyExporter.cpp" />
    <ClCompile Include="$(SolutionDir)SrcExternal\Assimp\code\AssetLib\3DS\3DSExporter.cpp" />
    <ClCompile Include="$(SolutionDir)SrcExternal\Assimp\code\AssetLib\Assbin\AssbinExporter.cpp" />
    <ClCompile Include="$(SolutionDir)SrcExternal\Assimp\code\AssetLib\Assbin\AssbinFileWriter.cpp" />
    <ClCompile Include="$(SolutionDir)SrcExternal\Assimp\code\AssetLib\Assxml\AssxmlExporter.cpp" />
    <ClCompile Include="$(SolutionDir)SrcExternal\Assimp\code\AssetLib\Assxml\AssxmlFileWriter.cpp" />
    <ClCompile Include="$(SolutionDir)SrcExternal\Assimp\code\AssetLib\M3D\M3DExporter.cpp" />
    <ClCompile Include="$(SolutionDir)SrcExternal\Assimp\code\AssetLib\Collada\ColladaExporter.cpp" />
    <ClCompile Include="$(SolutionDir)SrcExternal\Assimp\code\AssetLib\FBX\FBXExporter.cpp" />
    <ClCompile Include="$(SolutionDir)SrcExternal\Assimp\code\AssetLib\FBX\FBXExportNode.cpp" />
    <ClCompile Include="$(SolutionDir)SrcExternal\Assimp\code\AssetLib\FBX\FBXExportProperty.cpp" />
    <ClCompile Include="$(SolutionDir)SrcExternal\Assimp\code\AssetLib\STL\STLExporter.cpp" />
    <ClCompile Include="$(SolutionDir)SrcExternal\Assimp\code\AssetLib\X\XFileExporter.cpp" />
    <ClCompile Include="$(SolutionDir)SrcExternal\Assimp\code\AssetLib\X3D\X3DExporter.cpp" />
    <ClCompile Include="$(SolutionDir)SrcExternal\Assimp\code\AssetLib\glTF\glTFExporter.cpp" />
    <ClCompile Include="$(SolutionDir)SrcExternal\Assimp\code\AssetLib\glTF2\glTF2Exporter.cpp" />
    <ClCompile Include="$(SolutionDir)SrcExternal\Assimp\code\AssetLib\3MF\D3MFExporter.cpp" />
    <ClCompile Include="$(SolutionDir)SrcExternal\Assimp\code\Pbrt\PbrtExporter.cpp" />
    <ClCompile Include="$(SolutionDir)SrcExternal\Assimp\code\AssetLib\Assjson\cencode.c" />
    <ClCompile Include="$(SolutionDir)SrcExternal\Assimp\code\AssetLib\Assjson\json_exporter.cpp" />
    <ClCompile Include="$(SolutionDir)SrcExternal\Assimp\code\AssetLib\Assjson\mesh_splitter.cpp" />
    <ClCompile Include="$(SolutionDir)SrcExternal\Assimp\code\AssetLib\Step\StepExporter.cpp" />
    <ClCompile Include="$(SolutionDir)SrcExternal\Assimp\contrib\unzip\crypt.c" />
    <ClCompile Include="$(SolutionDir)SrcExternal\Assimp\contrib\unzip\ioapi.c" />
    <ClCompile Include="$(SolutionDir)SrcExternal\Assimp\contrib\unzip\unzip.c" />
    <ClCompile Include="$(SolutionDir)SrcExternal\Assimp\contrib\poly2tri\poly2tri\common\shapes.cc" />
    <ClCompile Include="$(SolutionDir)SrcExternal\Assimp\contrib\poly2tri\poly2tri\sweep\advancing_front.cc" />
    <ClCompile Include="$(SolutionDir)SrcExternal\Assimp\contrib\poly2tri\poly2tri\sweep\cdt.cc" />
    <ClCompile Include="$(SolutionDir)SrcExternal\Assimp\contrib\poly2tri\poly2tri\sweep\sweep.cc" />
    <ClCompile Include="$(SolutionDir)SrcExternal\Assimp\contrib\poly2tri\poly2tri\sweep\sweep_context.cc" />
    <ClCompile Include="$(SolutionDir)SrcExternal\Assimp\contrib\clipper\clipper.cpp" />
    <ClCompile Include="$(SolutionDir)SrcExternal\Assimp\contrib\openddlparser\code\OpenDDLParser.cpp" />
    <ClCompile Include="$(SolutionDir)SrcExternal\Assimp\contrib\openddlparser\code\DDLNode.cpp" />
    <ClCompile Include="$(SolutionDir)SrcExternal\Assimp\contrib\openddlparser\code\OpenDDLCommon.cpp" />
    <ClCompile Include="$(SolutionDir)SrcExternal\Assimp\contrib\openddlparser\code\OpenDDLExport.cpp" />
    <ClCompile Include="$(SolutionDir)SrcExternal\Assimp\contrib\openddlparser\code\Value.cpp" />
    <ClCompile Include="$(SolutionDir)SrcExternal\Assimp\contrib\openddlparser\code\OpenDDLStream.cpp" />
    <ClCompile Include="$(SolutionDir)SrcExternal\Assimp\contrib\Open3DGC\o3dgcArithmeticCodec.cpp" />
    <ClCompile Include="$(SolutionDir)SrcExternal\Assimp\contrib\Open3DGC\o3dgcDynamicVectorDecoder.cpp" />
    <ClCompile Include="$(SolutionDir)SrcExternal\Assimp\contrib\Open3DGC\o3dgcDynamicVectorEncoder.cpp" />
    <ClCompile Include="$(SolutionDir)SrcExternal\Assimp\contrib\Open3DGC\o3dgcTools.cpp" />
    <ClCompile Include="$(SolutionDir)SrcExternal\Assimp\contrib\Open3DGC\o3dgcTriangleFans.cpp" />
    <ClCompile Include="$(SolutionDir)SrcExternal\Assimp\contrib\zip\src\zip.c" />
  </ItemGroup>
  <ItemGroup>
    <ClInclude Include="$(SolutionDir)SrcExternal\Assimp\code\CApi\CInterfaceIOWrapper.h" />
    <ClInclude Include="$(SolutionDir)SrcExternal\Assimp\code\Common\StbCommon.h" />
    <ClInclude Include="$(SolutionDir)SrcExternal\Assimp\code\Common\Compression.h" />
    <ClInclude Include="$(SolutionDir)SrcExternal\Assimp\code\Common\BaseProcess.h" />
    <ClInclude Include="$(SolutionDir)SrcExternal\Assimp\code\Common\Importer.h" />
    <ClInclude Include="$(SolutionDir)SrcExternal\Assimp\code\Common\ScenePrivate.h" />
    <ClInclude Include="$(SolutionDir)SrcExternal\Assimp\code\Common\DefaultProgressHandler.h" />
    <ClInclude Include="$(SolutionDir)SrcExternal\Assimp\code\Common\PolyTools.h" />
    <ClInclude Include="$(SolutionDir)SrcExternal\Assimp\code\Common\Maybe.h" />
    <ClInclude Include="$(SolutionDir)SrcExternal\Assimp\code\Common\IFF.h" />
    <ClInclude Include="$(SolutionDir)SrcExternal\Assimp\code\Common\VertexTriangleAdjacency.h" />
    <ClInclude Include="$(SolutionDir)SrcExternal\Assimp\code\Common\ScenePreprocessor.h" />
    <ClInclude Include="$(SolutionDir)SrcExternal\Assimp\code\Common\TargetAnimation.h" />
    <ClInclude Include="$(SolutionDir)SrcExternal\Assimp\code\Common\simd.h" />
    <ClInclude Include="$(SolutionDir)SrcExternal\Assimp\include\assimp\DefaultLogger.hpp" />
    <ClInclude Include="$(SolutionDir)SrcExternal\Assimp\include\assimp\LogStream.hpp" />
    <ClInclude Include="$(SolutionDir)SrcExternal\Assimp\include\assimp\Logger.hpp" />
    <ClInclude Include="$(SolutionDir)SrcExternal\Assimp\include\assimp\NullLogger.hpp" />
    <ClInclude Include="$(SolutionDir)SrcExternal\Assimp\code\Common\Win32DebugLogStream.h" />
    <ClInclude Include="$(SolutionDir)SrcExternal\Assimp\code\Common\FileLogStream.h" />
    <ClInclude Include="$(SolutionDir)SrcExternal\Assimp\code\Common\StdOStreamLogStream.h" />
    <ClInclude Include="$(SolutionDir)SrcExternal\Assimp\include\assimp\BlobIOSystem.h" />
    <ClInclude Include="$(SolutionDir)SrcExternal\Assimp\code\PostProcessing\CalcTangentsProcess.h" />
    <ClInclude Include="$(SolutionDir)SrcExternal\Assimp\code\PostProcessing\ComputeUVMappingProcess.h" />
    <ClInclude Include="$(SolutionDir)SrcExternal\Assimp\code\PostProcessing\ConvertToLHProcess.h" />
    <ClInclude Include="$(SolutionDir)SrcExternal\Assimp\code\PostProcessing\EmbedTexturesProcess.h" />
    <ClInclude Include="$(SolutionDir)SrcExternal\Assimp\code\PostProcessing\FindDegenerates.h" />
    <ClInclude Include="$(SolutionDir)SrcExternal\Assimp\code\PostProcessing\FindInstancesProcess.h" />
    <ClInclude Include="$(SolutionDir)SrcExternal\Assimp\code\PostProcessing\FindInvalidDataProcess.h" />
    <ClInclude Include="$(SolutionDir)SrcExternal\Assimp\code\PostProcessing\FixNormalsStep.h" />
    <ClInclude Include="$(SolutionDir)SrcExternal\Assimp\code\PostProcessing\DropFaceNormalsProcess.h" />
    <ClInclude Include="$(SolutionDir)SrcExternal\Assimp\code\PostProcessing\GenFaceNormalsProcess.h" />
    <ClInclude Include="$(SolutionDir)SrcExternal\Assimp\code\PostProcessing\GenVertexNormalsProcess.h" />
    <ClInclude Include="$(SolutionDir)SrcExternal\Assimp\code\PostProcessing\PretransformVertices.h" />
    <ClInclude Include="$(SolutionDir)SrcExternal\Assimp\code\PostProcessing\ImproveCacheLocality.h" />
    <ClInclude Include="$(SolutionDir)SrcExternal\Assimp\code\PostProcessing\JoinVerticesProcess.h" />
    <ClInclude Include="$(SolutionDir)SrcExternal\Assimp\code\PostProcessing\LimitBoneWeightsProcess.h" />
    <ClInclude Include="$(SolutionDir)SrcExternal\Assimp\code\PostProcessing\RemoveRedundantMaterials.h" />
    <ClInclude Include="$(SolutionDir)SrcExternal\Assimp\code\PostProcessing\RemoveVCProcess.h" />
    <ClInclude Include="$(SolutionDir)SrcExternal\Assimp\code\PostProcessing\SortByPTypeProcess.h" />
    <ClInclude Include="$(SolutionDir)SrcExternal\Assimp\code\PostProcessing\SplitLargeMeshes.h" />
    <ClInclude Include="$(SolutionDir)SrcExternal\Assimp\code\PostProcessing\TextureTransform.h" />
    <ClInclude Include="$(SolutionDir)SrcExternal\Assimp\code\PostProcessing\TriangulateProcess.h" />
    <ClInclude Include="$(SolutionDir)SrcExternal\Assimp\code\PostProcessing\ValidateDataStructure.h" />
    <ClInclude Include="$(SolutionDir)SrcExternal\Assimp\code\PostProcessing\OptimizeGraph.h" />
    <ClInclude Include="$(SolutionDir)SrcExternal\Assimp\code\PostProcessing\OptimizeMeshes.h" />
    <ClInclude Include="$(SolutionDir)SrcExternal\Assimp\code\PostProcessing\DeboneProcess.h" />
    <ClInclude Include="$(SolutionDir)SrcExternal\Assimp\code\PostProcessing\ProcessHelper.h" />
    <ClInclude Include="$(SolutionDir)SrcExternal\Assimp\code\PostProcessing\MakeVerboseFormat.h" />
    <ClInclude Include="$(SolutionDir)SrcExternal\Assimp\code\PostProcessing\ScaleProcess.h" />
    <ClInclude Include="$(SolutionDir)SrcExternal\Assimp\code\PostProcessing\ArmaturePopulate.h" />
    <ClInclude Include="$(SolutionDir)SrcExternal\Assimp\code\PostProcessing\GenBoundingBoxesProcess.h" />
    <ClInclude Include="$(SolutionDir)SrcExternal\Assimp\code\PostProcessing\SplitByBoneCountProcess.h" />
    <ClInclude Include="$(SolutionDir)SrcExternal\Assimp\code\Material\MaterialSystem.h" />
    <ClInclude Include="$(SolutionDir)SrcExternal\Assimp\code\AssetLib\STEPParser\STEPFileReader.h" />
    <ClInclude Include="$(SolutionDir)SrcExternal\Assimp\code\AssetLib\STEPParser\STEPFileEncoding.h" />
    <ClInclude Include="$(SolutionDir)SrcExternal\Assimp\code\AssetLib\AMF\AMFImporter.hpp" />
    <ClInclude Include="$(SolutionDir)SrcExternal\Assimp\code\AssetLib\AMF\AMFImporter_Node.hpp" />
    <ClInclude Include="$(SolutionDir)SrcExternal\Assimp\code\AssetLib\3DS\3DSHelper.h" />
    <ClInclude Include="$(SolutionDir)SrcExternal\Assimp\code\AssetLib\3DS\3DSLoader.h" />
    <ClInclude Include="$(SolutionDir)SrcExternal\Assimp\code\AssetLib\AC\ACLoader.h" />
    <ClInclude Include="$(SolutionDir)SrcExternal\Assimp\code\AssetLib\ASE\ASELoader.h" />
    <ClInclude Include="$(SolutionDir)SrcExternal\Assimp\code\AssetLib\ASE\ASEParser.h" />
    <ClInclude Include="$(SolutionDir)SrcExternal\Assimp\code\AssetLib\Assbin\AssbinLoader.h" />
    <ClInclude Include="$(SolutionDir)SrcExternal\Assimp\code\AssetLib\B3D\B3DImporter.h" />
    <ClInclude Include="$(SolutionDir)SrcExternal\Assimp\code\AssetLib\BVH\BVHLoader.h" />
    <ClInclude Include="$(SolutionDir)SrcExternal\Assimp\code\AssetLib\Collada\ColladaHelper.h" />
    <ClInclude Include="$(SolutionDir)SrcExternal\Assimp\code\AssetLib\Collada\ColladaLoader.h" />
    <ClInclude Include="$(SolutionDir)SrcExternal\Assimp\code\AssetLib\Collada\ColladaParser.h" />
    <ClInclude Include="$(SolutionDir)SrcExternal\Assimp\code\AssetLib\DXF\DXFLoader.h" />
    <ClInclude Include="$(SolutionDir)SrcExternal\Assimp\code\AssetLib\DXF\DXFHelper.h" />
    <ClInclude Include="$(SolutionDir)SrcExternal\Assimp\code\AssetLib\CSM\CSMLoader.h" />
    <ClInclude Include="$(SolutionDir)SrcExternal\Assimp\code\AssetLib\HMP\HMPFileData.h" />
    <ClInclude Include="$(SolutionDir)SrcExternal\Assimp\code\AssetLib\HMP\HMPLoader.h" />
    <ClInclude Include="$(SolutionDir)SrcExternal\Assimp\code\AssetLib\HMP\HalfLifeFileData.h" />
    <ClInclude Include="$(SolutionDir)SrcExternal\Assimp\code\AssetLib\Irr\IRRMeshLoader.h" />
    <ClInclude Include="$(SolutionDir)SrcExternal\Assimp\code\AssetLib\Irr\IRRShared.h" />
    <ClInclude Include="$(SolutionDir)SrcExternal\Assimp\code\AssetLib\IQM\iqm.h" />
    <ClInclude Include="$(SolutionDir)SrcExternal\Assimp\code\AssetLib\IQM\IQMImporter.h" />
    <ClInclude Include="$(SolutionDir)SrcExternal\Assimp\code\AssetLib\Irr\IRRLoader.h" />
    <ClInclude Include="$(SolutionDir)SrcExternal\Assimp\code\AssetLib\LWO\LWOAnimation.h" />
    <ClInclude Include="$(SolutionDir)SrcExternal\Assimp\code\AssetLib\LWO\LWOFileData.h" />
    <ClInclude Include="$(SolutionDir)SrcExternal\Assimp\code\AssetLib\LWO\LWOLoader.h" />
    <ClInclude Include="$(SolutionDir)SrcExternal\Assimp\code\AssetLib\LWS\LWSLoader.h" />
    <ClInclude Include="$(SolutionDir)SrcExternal\Assimp\code\AssetLib\M3D\M3DMaterials.h" />
    <ClInclude Include="$(SolutionDir)SrcExternal\Assimp\code\AssetLib\M3D\M3DImporter.h" />
    <ClInclude Include="$(SolutionDir)SrcExternal\Assimp\code\AssetLib\M3D\M3DWrapper.h" />
    <ClInclude Include="$(SolutionDir)SrcExternal\Assimp\code\AssetLib\M3D\m3d.h" />
    <ClInclude Include="$(SolutionDir)SrcExternal\Assimp\code\AssetLib\MD2\MD2FileData.h" />
    <ClInclude Include="$(SolutionDir)SrcExternal\Assimp\code\AssetLib\MD2\MD2Loader.h" />
    <ClInclude Include="$(SolutionDir)SrcExternal\Assimp\code\AssetLib\MD2\MD2NormalTable.h" />
    <ClInclude Include="$(SolutionDir)SrcExternal\Assimp\code\AssetLib\MD3\MD3FileData.h" />
    <ClInclude Include="$(SolutionDir)SrcExternal\Assimp\code\AssetLib\MD3\MD3Loader.h" />
    <ClInclude Include="$(SolutionDir)SrcExternal\Assimp\code\AssetLib\MD5\MD5Loader.h" />
    <ClInclude Include="$(SolutionDir)SrcExternal\Assimp\code\AssetLib\MD5\MD5Parser.h" />
    <ClInclude Include="$(SolutionDir)SrcExternal\Assimp\code\AssetLib\MDC\MDCFileData.h" />
    <ClInclude Include="$(SolutionDir)SrcExternal\Assimp\code\AssetLib\MDC\MDCLoader.h" />
    <ClInclude Include="$(SolutionDir)SrcExternal\Assimp\code\AssetLib\MDC\MDCNormalTable.h" />
    <ClInclude Include="$(SolutionDir)SrcExternal\Assimp\code\AssetLib\MDL\MDLDefaultColorMap.h" />
    <ClInclude Include="$(SolutionDir)SrcExternal\Assimp\code\AssetLib\MDL\MDLFileData.h" />
    <ClInclude Include="$(SolutionDir)SrcExternal\Assimp\code\AssetLib\MDL\MDLLoader.h" />
    <ClInclude Include="$(SolutionDir)SrcExternal\Assimp\code\AssetLib\MDL\HalfLife\HalfLifeMDLBaseHeader.h" />
    <ClInclude Include="$(SolutionDir)SrcExternal\Assimp\code\AssetLib\MDL\HalfLife\HL1FileData.h" />
    <ClInclude Include="$(SolutionDir)SrcExternal\Assimp\code\AssetLib\MDL\HalfLife\HL1MDLLoader.h" />
    <ClInclude Include="$(SolutionDir)SrcExternal\Assimp\code\AssetLib\MDL\HalfLife\HL1ImportDefinitions.h" />
    <ClInclude Include="$(SolutionDir)SrcExternal\Assimp\code\AssetLib\MDL\HalfLife\HL1ImportSettings.h" />
    <ClInclude Include="$(SolutionDir)SrcExternal\Assimp\code\AssetLib\MDL\HalfLife\HL1MeshTrivert.h" />
    <ClInclude Include="$(SolutionDir)SrcExternal\Assimp\code\AssetLib\MDL\HalfLife\LogFunctions.h" />
    <ClInclude Include="$(SolutionDir)SrcExternal\Assimp\code\AssetLib\MDL\HalfLife\UniqueNameGenerator.h" />
    <ClInclude Include="$(SolutionDir)SrcExternal\Assimp\code\AssetLib\NFF\NFFLoader.h" />
    <ClInclude Include="$(SolutionDir)SrcExternal\Assimp\code\AssetLib\NDO\NDOLoader.h" />
    <ClInclude Include="$(SolutionDir)SrcExternal\Assimp\code\AssetLib\OFF\OFFLoader.h" />
    <ClInclude Include="$(SolutionDir)SrcExternal\Assimp\code\AssetLib\Obj\ObjFileData.h" />
    <ClInclude Include="$(SolutionDir)SrcExternal\Assimp\code\AssetLib\Obj\ObjFileImporter.h" />
    <ClInclude Include="$(SolutionDir)SrcExternal\Assimp\code\AssetLib\Obj\ObjFileMtlImporter.h" />
    <ClInclude Include="$(SolutionDir)SrcExternal\Assimp\code\AssetLib\Obj\ObjFileParser.h" />
    <ClInclude Include="$(SolutionDir)SrcExternal\Assimp\code\AssetLib\Obj\ObjTools.h" />
    <ClInclude Include="$(SolutionDir)SrcExternal\Assimp\code\AssetLib\Ogre\OgreImporter.h" />
    <ClInclude Include="$(SolutionDir)SrcExternal\Assimp\code\AssetLib\Ogre\OgreStructs.h" />
    <ClInclude Include="$(SolutionDir)SrcExternal\Assimp\code\AssetLib\Ogre\OgreParsingUtils.h" />
    <ClInclude Include="$(SolutionDir)SrcExternal\Assimp\code\AssetLib\Ogre\OgreBinarySerializer.h" />
    <ClInclude Include="$(SolutionDir)SrcExternal\Assimp\code\AssetLib\Ogre\OgreXmlSerializer.h" />
    <ClInclude Include="$(SolutionDir)SrcExternal\Assimp\code\AssetLib\OpenGEX\OpenGEXImporter.h" />
    <ClInclude Include="$(SolutionDir)SrcExternal\Assimp\code\AssetLib\OpenGEX\OpenGEXStructs.h" />
    <ClInclude Include="$(SolutionDir)SrcExternal\Assimp\code\AssetLib\Ply\PlyLoader.h" />
    <ClInclude Include="$(SolutionDir)SrcExternal\Assimp\code\AssetLib\Ply\PlyParser.h" />
    <ClInclude Include="$(SolutionDir)SrcExternal\Assimp\code\AssetLib\MS3D\MS3DLoader.h" />
    <ClInclude Include="$(SolutionDir)SrcExternal\Assimp\code\AssetLib\COB\COBLoader.h" />
    <ClInclude Include="$(SolutionDir)SrcExternal\Assimp\code\AssetLib\COB\COBScene.h" />
    <ClInclude Include="$(SolutionDir)SrcExternal\Assimp\code\AssetLib\Blender\BlenderLoader.h" />
    <ClInclude Include="$(SolutionDir)SrcExternal\Assimp\code\AssetLib\Blender\BlenderDNA.h" />
    <ClInclude Include="$(SolutionDir)SrcExternal\Assimp\code\AssetLib\Blender\BlenderDNA.inl" />
    <ClInclude Include="$(SolutionDir)SrcExternal\Assimp\code\AssetLib\Blender\BlenderScene.h" />
    <ClInclude Include="$(SolutionDir)SrcExternal\Assimp\code\AssetLib\Blender\BlenderSceneGen.h" />
    <ClInclude Include="$(SolutionDir)SrcExternal\Assimp\code\AssetLib\Blender\BlenderIntermediate.h" />
    <ClInclude Include="$(SolutionDir)SrcExternal\Assimp\code\AssetLib\Blender\BlenderModifier.h" />
    <ClInclude Include="$(SolutionDir)SrcExternal\Assimp\code\AssetLib\Blender\BlenderBMesh.h" />
    <ClInclude Include="$(SolutionDir)SrcExternal\Assimp\code\AssetLib\Blender\BlenderTessellator.h" />
    <ClInclude Include="$(SolutionDir)SrcExternal\Assimp\code\AssetLib\Blender\BlenderCustomData.h" />
    <ClInclude Include="$(SolutionDir)SrcExternal\Assimp\code\AssetLib\IFC\IFCLoader.h" />
    <ClInclude Include="$(SolutionDir)SrcExternal\Assimp\code\AssetLib\IFC\IFCReaderGen_2x3.h" />
    <ClInclude Include="$(SolutionDir)SrcExternal\Assimp\code\AssetLib\IFC\IFCUtil.h" />
    <ClInclude Include="$(SolutionDir)SrcExternal\Assimp\code\AssetLib\XGL\XGLLoader.h" />
    <ClInclude Include="$(SolutionDir)SrcExternal\Assimp\code\AssetLib\FBX\FBXCompileConfig.h" />
    <ClInclude Include="$(SolutionDir)SrcExternal\Assimp\code\AssetLib\FBX\FBXImporter.h" />
    <ClInclude Include="$(SolutionDir)SrcExternal\Assimp\code\AssetLib\FBX\FBXParser.h" />
    <ClInclude Include="$(SolutionDir)SrcExternal\Assimp\code\AssetLib\FBX\FBXTokenizer.h" />
    <ClInclude Include="$(SolutionDir)SrcExternal\Assimp\code\AssetLib\FBX\FBXImportSettings.h" />
    <ClInclude Include="$(SolutionDir)SrcExternal\Assimp\code\AssetLib\FBX\FBXConverter.h" />
    <ClInclude Include="$(SolutionDir)SrcExternal\Assimp\code\AssetLib\FBX\FBXUtil.h" />
    <ClInclude Include="$(SolutionDir)SrcExternal\Assimp\code\AssetLib\FBX\FBXDocument.h" />
    <ClInclude Include="$(SolutionDir)SrcExternal\Assimp\code\AssetLib\FBX\FBXProperties.h" />
    <ClInclude Include="$(SolutionDir)SrcExternal\Assimp\code\AssetLib\FBX\FBXMeshGeometry.h" />
    <ClInclude Include="$(SolutionDir)SrcExternal\Assimp\code\AssetLib\FBX\FBXCommon.h" />
    <ClInclude Include="$(SolutionDir)SrcExternal\Assimp\code\AssetLib\Q3D\Q3DLoader.h" />
    <ClInclude Include="$(SolutionDir)SrcExternal\Assimp\code\AssetLib\Q3BSP\Q3BSPFileData.h" />
    <ClInclude Include="$(SolutionDir)SrcExternal\Assimp\code\AssetLib\Q3BSP\Q3BSPFileParser.h" />
    <ClInclude Include="$(SolutionDir)SrcExternal\Assimp\code\AssetLib\Q3BSP\Q3BSPFileImporter.h" />
    <ClInclude Include="$(SolutionDir)SrcExternal\Assimp\code\AssetLib\Raw\RawLoader.h" />
    <ClInclude Include="$(SolutionDir)SrcExternal\Assimp\code\AssetLib\SIB\SIBImporter.h" />
    <ClInclude Include="$(SolutionDir)SrcExternal\Assimp\code\AssetLib\SMD\SMDLoader.h" />
    <ClInclude Include="$(SolutionDir)SrcExternal\Assimp\code\AssetLib\STL\STLLoader.h" />
    <ClInclude Include="$(SolutionDir)SrcExternal\Assimp\code\AssetLib\Terragen\TerragenLoader.h" />
    <ClInclude Include="$(SolutionDir)SrcExternal\Assimp\code\AssetLib\Unreal\UnrealLoader.h" />
    <ClInclude Include="$(SolutionDir)SrcExternal\Assimp\code\AssetLib\X\XFileHelper.h" />
    <ClInclude Include="$(SolutionDir)SrcExternal\Assimp\code\AssetLib\X\XFileImporter.h" />
    <ClInclude Include="$(SolutionDir)SrcExternal\Assimp\code\AssetLib\X\XFileParser.h" />
    <ClInclude Include="$(SolutionDir)SrcExternal\Assimp\code\AssetLib\X3D\X3DImporter.hpp" />
    <ClInclude Include="$(SolutionDir)SrcExternal\Assimp\code\AssetLib\X3D\X3DImporter_Macro.hpp" />
    <ClInclude Include="$(SolutionDir)SrcExternal\Assimp\code\AssetLib\X3D\X3DImporter_Node.hpp" />
    <ClInclude Include="$(SolutionDir)SrcExternal\Assimp\code\AssetLib\X3D\X3DGeoHelper.h" />
    <ClInclude Include="$(SolutionDir)SrcExternal\Assimp\code\AssetLib\X3D\X3DXmlHelper.h" />
    <ClInclude Include="$(SolutionDir)SrcExternal\Assimp\code\AssetLib\glTF\glTFCommon.h" />
    <ClInclude Include="$(SolutionDir)SrcExternal\Assimp\code\AssetLib\glTF\glTFAsset.h" />
    <ClInclude Include="$(SolutionDir)SrcExternal\Assimp\code\AssetLib\glTF\glTFAsset.inl" />
    <ClInclude Include="$(SolutionDir)SrcExternal\Assimp\code\AssetLib\glTF\glTFAssetWriter.h" />
    <ClInclude Include="$(SolutionDir)SrcExternal\Assimp\code\AssetLib\glTF\glTFAssetWriter.inl" />
    <ClInclude Include="$(SolutionDir)SrcExternal\Assimp\code\AssetLib\glTF\glTFImporter.h" />
    <ClInclude Include="$(SolutionDir)SrcExternal\Assimp\code\AssetLib\glTF2\glTF2Asset.h" />
    <ClInclude Include="$(SolutionDir)SrcExternal\Assimp\code\AssetLib\glTF2\glTF2Asset.inl" />
    <ClInclude Include="$(SolutionDir)SrcExternal\Assimp\code\AssetLib\glTF2\glTF2AssetWriter.h" />
    <ClInclude Include="$(SolutionDir)SrcExternal\Assimp\code\AssetLib\glTF2\glTF2AssetWriter.inl" />
    <ClInclude Include="$(SolutionDir)SrcExternal\Assimp\code\AssetLib\glTF2\glTF2Importer.h" />
    <ClInclude Include="$(SolutionDir)SrcExternal\Assimp\code\AssetLib\3MF\3MFTypes.h" />
    <ClInclude Include="$(SolutionDir)SrcExternal\Assimp\code\AssetLib\3MF\XmlSerializer.h" />
    <ClInclude Include="$(SolutionDir)SrcExternal\Assimp\code\AssetLib\3MF\D3MFImporter.h" />
    <ClInclude Include="$(SolutionDir)SrcExternal\Assimp\code\AssetLib\3MF\D3MFOpcPackage.h" />
    <ClInclude Include="$(SolutionDir)SrcExternal\Assimp\code\AssetLib\3MF\3MFXmlTags.h" />
    <ClInclude Include="$(SolutionDir)SrcExternal\Assimp\code\AssetLib\MMD\MMDCpp14.h" />
    <ClInclude Include="$(SolutionDir)SrcExternal\Assimp\code\AssetLib\MMD\MMDImporter.h" />
    <ClInclude Include="$(SolutionDir)SrcExternal\Assimp\code\AssetLib\MMD\MMDPmdParser.h" />
    <ClInclude Include="$(SolutionDir)SrcExternal\Assimp\code\AssetLib\MMD\MMDPmxParser.h" />
    <ClInclude Include="$(SolutionDir)SrcExternal\Assimp\code\AssetLib\MMD\MMDVmdParser.h" />
    <ClInclude Include="$(SolutionDir)SrcExternal\Assimp\code\AssetLib\Obj\ObjExporter.h" />
    <ClInclude Include="$(SolutionDir)SrcExternal\Assimp\code\AssetLib\OpenGEX\OpenGEXExporter.h" />
    <ClInclude Include="$(SolutionDir)SrcExternal\Assimp\code\AssetLib\Ply\PlyExporter.h" />
    <ClInclude Include="$(SolutionDir)SrcExternal\Assimp\code\AssetLib\3DS\3DSExporter.h" />
    <ClInclude Include="$(SolutionDir)SrcExternal\Assimp\code\AssetLib\Assbin\AssbinExporter.h" />
    <ClInclude Include="$(SolutionDir)SrcExternal\Assimp\code\AssetLib\Assbin\AssbinFileWriter.h" />
    <ClInclude Include="$(SolutionDir)SrcExternal\Assimp\code\AssetLib\Assxml\AssxmlExporter.h" />
    <ClInclude Include="$(SolutionDir)SrcExternal\Assimp\code\AssetLib\Assxml\AssxmlFileWriter.h" />
    <ClInclude Include="$(SolutionDir)SrcExternal\Assimp\code\AssetLib\M3D\M3DExporter.h" />
    <ClInclude Include="$(SolutionDir)SrcExternal\Assimp\code\AssetLib\Collada\ColladaExporter.h" />
    <ClInclude Include="$(SolutionDir)SrcExternal\Assimp\code\AssetLib\FBX\FBXExporter.h" />
    <ClInclude Include="$(SolutionDir)SrcExternal\Assimp\code\AssetLib\FBX\FBXExportNode.h" />
    <ClInclude Include="$(SolutionDir)SrcExternal\Assimp\code\AssetLib\FBX\FBXExportProperty.h" />
    <ClInclude Include="$(SolutionDir)SrcExternal\Assimp\code\AssetLib\STL\STLExporter.h" />
    <ClInclude Include="$(SolutionDir)SrcExternal\Assimp\code\AssetLib\X\XFileExporter.h" />
    <ClInclude Include="$(SolutionDir)SrcExternal\Assimp\code\AssetLib\X3D\X3DExporter.hpp" />
    <ClInclude Include="$(SolutionDir)SrcExternal\Assimp\code\AssetLib\glTF\glTFExporter.h" />
    <ClInclude Include="$(SolutionDir)SrcExternal\Assimp\code\AssetLib\glTF2\glTF2Exporter.h" />
    <ClInclude Include="$(SolutionDir)SrcExternal\Assimp\code\AssetLib\3MF\D3MFExporter.h" />
    <ClInclude Include="$(SolutionDir)SrcExternal\Assimp\code\Pbrt\PbrtExporter.h" />
    <ClInclude Include="$(SolutionDir)SrcExternal\Assimp\code\AssetLib\Assjson\cencode.h" />
    <ClInclude Include="$(SolutionDir)SrcExternal\Assimp\code\AssetLib\Assjson\mesh_splitter.h" />
    <ClInclude Include="$(SolutionDir)SrcExternal\Assimp\code\AssetLib\Step\StepExporter.h" />
    <ClInclude Include="$(SolutionDir)SrcExternal\Assimp\contrib\unzip\crypt.h" />
    <ClInclude Include="$(SolutionDir)SrcExternal\Assimp\contrib\unzip\ioapi.h" />
    <ClInclude Include="$(SolutionDir)SrcExternal\Assimp\contrib\unzip\unzip.h" />
    <ClInclude Include="$(SolutionDir)SrcExternal\Assimp\contrib\poly2tri\poly2tri\common\shapes.h" />
    <ClInclude Include="$(SolutionDir)SrcExternal\Assimp\contrib\poly2tri\poly2tri\common\utils.h" />
    <ClInclude Include="$(SolutionDir)SrcExternal\Assimp\contrib\poly2tri\poly2tri\sweep\advancing_front.h" />
    <ClInclude Include="$(SolutionDir)SrcExternal\Assimp\contrib\poly2tri\poly2tri\sweep\cdt.h" />
    <ClInclude Include="$(SolutionDir)SrcExternal\Assimp\contrib\poly2tri\poly2tri\sweep\sweep.h" />
    <ClInclude Include="$(SolutionDir)SrcExternal\Assimp\contrib\poly2tri\poly2tri\sweep\sweep_context.h" />
    <ClInclude Include="$(SolutionDir)SrcExternal\Assimp\contrib\clipper\clipper.hpp" />
    <ClInclude Include="$(SolutionDir)SrcExternal\Assimp\contrib\openddlparser\include\openddlparser\OpenDDLParser.h" />
    <ClInclude Include="$(SolutionDir)SrcExternal\Assimp\contrib\openddlparser\include\openddlparser\OpenDDLParserUtils.h" />
    <ClInclude Include="$(SolutionDir)SrcExternal\Assimp\contrib\openddlparser\include\openddlparser\OpenDDLCommon.h" />
    <ClInclude Include="$(SolutionDir)SrcExternal\Assimp\contrib\openddlparser\include\openddlparser\OpenDDLExport.h" />
    <ClInclude Include="$(SolutionDir)SrcExternal\Assimp\contrib\openddlparser\include\openddlparser\OpenDDLStream.h" />
    <ClInclude Include="$(SolutionDir)SrcExternal\Assimp\contrib\openddlparser\include\openddlparser\DDLNode.h" />
    <ClInclude Include="$(SolutionDir)SrcExternal\Assimp\contrib\openddlparser\include\openddlparser\Value.h" />
    <ClInclude Include="$(SolutionDir)SrcExternal\Assimp\contrib\Open3DGC\o3dgcAdjacencyInfo.h" />
    <ClInclude Include="$(SolutionDir)SrcExternal\Assimp\contrib\Open3DGC\o3dgcArithmeticCodec.h" />
    <ClInclude Include="$(SolutionDir)SrcExternal\Assimp\contrib\Open3DGC\o3dgcBinaryStream.h" />
    <ClInclude Include="$(SolutionDir)SrcExternal\Assimp\contrib\Open3DGC\o3dgcCommon.h" />
    <ClInclude Include="$(SolutionDir)SrcExternal\Assimp\contrib\Open3DGC\o3dgcDVEncodeParams.h" />
    <ClInclude Include="$(SolutionDir)SrcExternal\Assimp\contrib\Open3DGC\o3dgcDynamicVectorDecoder.h" />
    <ClInclude Include="$(SolutionDir)SrcExternal\Assimp\contrib\Open3DGC\o3dgcDynamicVectorEncoder.h" />
    <ClInclude Include="$(SolutionDir)SrcExternal\Assimp\contrib\Open3DGC\o3dgcDynamicVector.h" />
    <ClInclude Include="$(SolutionDir)SrcExternal\Assimp\contrib\Open3DGC\o3dgcFIFO.h" />
    <ClInclude Include="$(SolutionDir)SrcExternal\Assimp\contrib\Open3DGC\o3dgcIndexedFaceSet.h" />
    <ClInclude Include="$(SolutionDir)SrcExternal\Assimp\contrib\Open3DGC\o3dgcIndexedFaceSet.inl" />
    <ClInclude Include="$(SolutionDir)SrcExternal\Assimp\contrib\Open3DGC\o3dgcSC3DMCDecoder.h" />
    <ClInclude Include="$(SolutionDir)SrcExternal\Assimp\contrib\Open3DGC\o3dgcSC3DMCDecoder.inl" />
    <ClInclude Include="$(SolutionDir)SrcExternal\Assimp\contrib\Open3DGC\o3dgcSC3DMCEncodeParams.h" />
    <ClInclude Include="$(SolutionDir)SrcExternal\Assimp\contrib\Open3DGC\o3dgcSC3DMCEncoder.h" />
    <ClInclude Include="$(SolutionDir)SrcExternal\Assimp\contrib\Open3DGC\o3dgcSC3DMCEncoder.inl" />
    <ClInclude Include="$(SolutionDir)SrcExternal\Assimp\contrib\Open3DGC\o3dgcTimer.h" />
    <ClInclude Include="$(SolutionDir)SrcExternal\Assimp\contrib\Open3DGC\o3dgcTriangleFans.h" />
    <ClInclude Include="$(SolutionDir)SrcExternal\Assimp\contrib\Open3DGC\o3dgcTriangleListDecoder.h" />
    <ClInclude Include="$(SolutionDir)SrcExternal\Assimp\contrib\Open3DGC\o3dgcTriangleListDecoder.inl" />
    <ClInclude Include="$(SolutionDir)SrcExternal\Assimp\contrib\Open3DGC\o3dgcTriangleListEncoder.h" />
    <ClInclude Include="$(SolutionDir)SrcExternal\Assimp\contrib\Open3DGC\o3dgcTriangleListEncoder.inl" />
    <ClInclude Include="$(SolutionDir)SrcExternal\Assimp\contrib\Open3DGC\o3dgcVector.h" />
    <ClInclude Include="$(SolutionDir)SrcExternal\Assimp\contrib\Open3DGC\o3dgcVector.inl" />
    <ClInclude Include="$(SolutionDir)SrcExternal\Assimp\contrib\zip\src\miniz.h" />
    <ClInclude Include="$(SolutionDir)SrcExternal\Assimp\contrib\zip\src\zip.h" />
    <ClInclude Include="$(SolutionDir)SrcExternal\Assimp\contrib\pugixml\src\pugiconfig.hpp" />
    <ClInclude Include="$(SolutionDir)SrcExternal\Assimp\contrib\pugixml\src\pugixml.hpp" />
    <ClInclude Include="$(SolutionDir)SrcExternal\Assimp\contrib\stb\stb_image.h" />
    <ClInclude Include="$(SolutionDir)SrcExternal\Assimp\include\assimp\anim.h" />
    <ClInclude Include="$(SolutionDir)SrcExternal\Assimp\include\assimp\aabb.h" />
    <ClInclude Include="$(SolutionDir)SrcExternal\Assimp\include\assimp\ai_assert.h" />
    <ClInclude Include="$(SolutionDir)SrcExternal\Assimp\include\assimp\camera.h" />
    <ClInclude Include="$(SolutionDir)SrcExternal\Assimp\include\assimp\color4.h" />
    <ClInclude Include="$(SolutionDir)SrcExternal\Assimp\include\assimp\color4.inl" />
    <ClInclude Include="$(SolutionDir)SrcExternal\Assimp\include\assimp\config.h" />
    <ClInclude Include="$(SolutionDir)SrcExternal\Assimp\include\assimp\ColladaMetaData.h" />
    <ClInclude Include="$(SolutionDir)SrcExternal\Assimp\include\assimp\commonMetaData.h" />
    <ClInclude Include="$(SolutionDir)SrcExternal\Assimp\include\assimp\defs.h" />
    <ClInclude Include="$(SolutionDir)SrcExternal\Assimp\include\assimp\cfileio.h" />
    <ClInclude Include="$(SolutionDir)SrcExternal\Assimp\include\assimp\light.h" />
    <ClInclude Include="$(SolutionDir)SrcExternal\Assimp\include\assimp\material.h" />
    <ClInclude Include="$(SolutionDir)SrcExternal\Assimp\include\assimp\material.inl" />
    <ClInclude Include="$(SolutionDir)SrcExternal\Assimp\include\assimp\matrix3x3.h" />
    <ClInclude Include="$(SolutionDir)SrcExternal\Assimp\include\assimp\matrix3x3.inl" />
    <ClInclude Include="$(SolutionDir)SrcExternal\Assimp\include\assimp\matrix4x4.h" />
    <ClInclude Include="$(SolutionDir)SrcExternal\Assimp\include\assimp\matrix4x4.inl" />
    <ClInclude Include="$(SolutionDir)SrcExternal\Assimp\include\assimp\mesh.h" />
    <ClInclude Include="$(SolutionDir)SrcExternal\Assimp\include\assimp\ObjMaterial.h" />
    <ClInclude Include="$(SolutionDir)SrcExternal\Assimp\include\assimp\pbrmaterial.h" />
    <ClInclude Include="$(SolutionDir)SrcExternal\Assimp\include\assimp\GltfMaterial.h" />
    <ClInclude Include="$(SolutionDir)SrcExternal\Assimp\include\assimp\postprocess.h" />
    <ClInclude Include="$(SolutionDir)SrcExternal\Assimp\include\assimp\quaternion.h" />
    <ClInclude Include="$(SolutionDir)SrcExternal\Assimp\include\assimp\quaternion.inl" />
    <ClInclude Include="$(SolutionDir)SrcExternal\Assimp\include\assimp\scene.h" />
    <ClInclude Include="$(SolutionDir)SrcExternal\Assimp\include\assimp\metadata.h" />
    <ClInclude Include="$(SolutionDir)SrcExternal\Assimp\include\assimp\texture.h" />
    <ClInclude Include="$(SolutionDir)SrcExternal\Assimp\include\assimp\types.h" />
    <ClInclude Include="$(SolutionDir)SrcExternal\Assimp\include\assimp\vector2.h" />
    <ClInclude Include="$(SolutionDir)SrcExternal\Assimp\include\assimp\vector2.inl" />
    <ClInclude Include="$(SolutionDir)SrcExternal\Assimp\include\assimp\vector3.h" />
    <ClInclude Include="$(SolutionDir)SrcExternal\Assimp\include\assimp\vector3.inl" />
    <ClInclude Include="$(SolutionDir)SrcExternal\Assimp\include\assimp\version.h" />
    <ClInclude Include="$(SolutionDir)SrcExternal\Assimp\include\assimp\cimport.h" />
    <ClInclude Include="$(SolutionDir)SrcExternal\Assimp\include\assimp\importerdesc.h" />
    <ClInclude Include="$(SolutionDir)SrcExternal\Assimp\include\assimp\Importer.hpp" />
    <ClInclude Include="$(SolutionDir)SrcExternal\Assimp\include\assimp\ProgressHandler.hpp" />
    <ClInclude Include="$(SolutionDir)SrcExternal\Assimp\include\assimp\IOStream.hpp" />
    <ClInclude Include="$(SolutionDir)SrcExternal\Assimp\include\assimp\IOSystem.hpp" />
    <ClInclude Include="$(SolutionDir)SrcExternal\Assimp\include\assimp\cexport.h" />
    <ClInclude Include="$(SolutionDir)SrcExternal\Assimp\include\assimp\Exporter.hpp" />
    <ClInclude Include="$(SolutionDir)SrcExternal\Assimp\include\assimp\DefaultIOStream.h" />
    <ClInclude Include="$(SolutionDir)SrcExternal\Assimp\include\assimp\DefaultIOSystem.h" />
    <ClInclude Include="$(SolutionDir)SrcExternal\Assimp\include\assimp\ZipArchiveIOSystem.h" />
    <ClInclude Include="$(SolutionDir)SrcExternal\Assimp\include\assimp\SceneCombiner.h" />
    <ClInclude Include="$(SolutionDir)SrcExternal\Assimp\include\assimp\fast_atof.h" />
    <ClInclude Include="$(SolutionDir)SrcExternal\Assimp\include\assimp\qnan.h" />
    <ClInclude Include="$(SolutionDir)SrcExternal\Assimp\include\assimp\BaseImporter.h" />
    <ClInclude Include="$(SolutionDir)SrcExternal\Assimp\include\assimp\Hash.h" />
    <ClInclude Include="$(SolutionDir)SrcExternal\Assimp\include\assimp\MemoryIOWrapper.h" />
    <ClInclude Include="$(SolutionDir)SrcExternal\Assimp\include\assimp\ParsingUtils.h" />
    <ClInclude Include="$(SolutionDir)SrcExternal\Assimp\include\assimp\StreamReader.h" />
    <ClInclude Include="$(SolutionDir)SrcExternal\Assimp\include\assimp\StreamWriter.h" />
    <ClInclude Include="$(SolutionDir)SrcExternal\Assimp\include\assimp\StringComparison.h" />
    <ClInclude Include="$(SolutionDir)SrcExternal\Assimp\include\assimp\StringUtils.h" />
    <ClInclude Include="$(SolutionDir)SrcExternal\Assimp\include\assimp\SGSpatialSort.h" />
    <ClInclude Include="$(SolutionDir)SrcExternal\Assimp\include\assimp\GenericProperty.h" />
    <ClInclude Include="$(SolutionDir)SrcExternal\Assimp\include\assimp\SpatialSort.h" />
    <ClInclude Include="$(SolutionDir)SrcExternal\Assimp\include\assimp\SkeletonMeshBuilder.h" />
    <ClInclude Include="$(SolutionDir)SrcExternal\Assimp\include\assimp\SmallVector.h" />
    <ClInclude Include="$(SolutionDir)SrcExternal\Assimp\include\assimp\SmoothingGroups.h" />
    <ClInclude Include="$(SolutionDir)SrcExternal\Assimp\include\assimp\SmoothingGroups.inl" />
    <ClInclude Include="$(SolutionDir)SrcExternal\Assimp\include\assimp\StandardShapes.h" />
    <ClInclude Include="$(SolutionDir)SrcExternal\Assimp\include\assimp\RemoveComments.h" />
    <ClInclude Include="$(SolutionDir)SrcExternal\Assimp\include\assimp\Subdivision.h" />
    <ClInclude Include="$(SolutionDir)SrcExternal\Assimp\include\assimp\Vertex.h" />
    <ClInclude Include="$(SolutionDir)SrcExternal\Assimp\include\assimp\LineSplitter.h" />
    <ClInclude Include="$(SolutionDir)SrcExternal\Assimp\include\assimp\TinyFormatter.h" />
    <ClInclude Include="$(SolutionDir)SrcExternal\Assimp\include\assimp\Profiler.h" />
    <ClInclude Include="$(SolutionDir)SrcExternal\Assimp\include\assimp\LogAux.h" />
    <ClInclude Include="$(SolutionDir)SrcExternal\Assimp\include\assimp\Bitmap.h" />
    <ClInclude Include="$(SolutionDir)SrcExternal\Assimp\include\assimp\XMLTools.h" />
    <ClInclude Include="$(SolutionDir)SrcExternal\Assimp\include\assimp\IOStreamBuffer.h" />
    <ClInclude Include="$(SolutionDir)SrcExternal\Assimp\include\assimp\CreateAnimMesh.h" />
    <ClInclude Include="$(SolutionDir)SrcExternal\Assimp\include\assimp\XmlParser.h" />
    <ClInclude Include="$(SolutionDir)SrcExternal\Assimp\include\assimp\MathFunctions.h" />
    <ClInclude Include="$(SolutionDir)SrcExternal\Assimp\include\assimp\Exceptional.h" />
    <ClInclude Include="$(SolutionDir)SrcExternal\Assimp\include\assimp\ByteSwapper.h" />
    <ClInclude Include="$(SolutionDir)SrcExternal\Assimp\include\assimp\Base64.hpp" />
    <ClInclude Include="$(SolutionDir)SrcExternal\Assimp\include\assimp\Compiler\pushpack1.h" />
    <ClInclude Include="$(SolutionDir)SrcExternal\Assimp\include\assimp\Compiler\poppack1.h" />
    <ClInclude Include="$(SolutionDir)SrcExternal\Assimp\include\assimp\Compiler\pstdint.h" />
  </ItemGroup>
  <ItemGroup>
    <CustomBuild Include="$(SolutionDir)SrcExternal\Assimp\code\CMakeLists.txt" />
  </ItemGroup>
  <ItemGroup>
    <ResourceCompile Include="$(SolutionDir)SrcExternal\Assimp\code\res\assimp.rc" />
  </ItemGroup>
  <ItemGroup>
    <Filter Include="AssetLib">
      <UniqueIdentifier>{F6EF33A0-DF4B-39B7-A174-A4C69EF98E2F}</UniqueIdentifier>
    </Filter>
    <Filter Include="AssetLib\3D">
      <UniqueIdentifier>{80B0B3CE-02EE-3177-A10B-B0F42F13887F}</UniqueIdentifier>
    </Filter>
    <Filter Include="AssetLib\3DS">
      <UniqueIdentifier>{8798BAF1-357D-3FFD-B177-507D1DC49F15}</UniqueIdentifier>
    </Filter>
    <Filter Include="AssetLib\3MF">
      <UniqueIdentifier>{56F5FF1A-632E-3973-AA76-1BB149A8885F}</UniqueIdentifier>
    </Filter>
    <Filter Include="AssetLib\AC">
      <UniqueIdentifier>{E9D74A05-8563-3309-9948-AF1258F237B4}</UniqueIdentifier>
    </Filter>
    <Filter Include="AssetLib\AMF">
      <UniqueIdentifier>{5A71B36E-6504-3F7E-94CF-FCE56FD92850}</UniqueIdentifier>
    </Filter>
    <Filter Include="AssetLib\ASE">
      <UniqueIdentifier>{ED1EFD24-CFEA-3DEF-8725-E20084F1098D}</UniqueIdentifier>
    </Filter>
    <Filter Include="AssetLib\ASSBIN">
      <UniqueIdentifier>{0BB5A8B5-EE4B-353D-A8F0-E4CA0C5EB58F}</UniqueIdentifier>
    </Filter>
    <Filter Include="AssetLib\ASSJSON">
      <UniqueIdentifier>{9DB972E5-95D2-318A-B3F1-93828D8C977C}</UniqueIdentifier>
    </Filter>
    <Filter Include="AssetLib\ASSXML">
      <UniqueIdentifier>{515FA776-4FE8-33CE-ADDD-A3462A7A79FE}</UniqueIdentifier>
    </Filter>
    <Filter Include="AssetLib\B3D">
      <UniqueIdentifier>{399DA20E-4E30-3135-B6AF-0CC03D1EC1FB}</UniqueIdentifier>
    </Filter>
    <Filter Include="AssetLib\BLEND">
      <UniqueIdentifier>{46BC4B94-9995-37DA-90A7-111E6594DC41}</UniqueIdentifier>
    </Filter>
    <Filter Include="AssetLib\BVH">
      <UniqueIdentifier>{CFE5741E-AA30-373D-9A33-C5B8228260B8}</UniqueIdentifier>
    </Filter>
    <Filter Include="AssetLib\COB">
      <UniqueIdentifier>{DC8F185C-C08B-3F79-A969-4AEEEC66E4BD}</UniqueIdentifier>
    </Filter>
    <Filter Include="AssetLib\COLLADA">
      <UniqueIdentifier>{133828B9-A81B-3C30-986F-B60459178100}</UniqueIdentifier>
    </Filter>
    <Filter Include="AssetLib\CSM">
      <UniqueIdentifier>{DE124BC0-DF07-3D1B-B1F2-ABF28D64CECD}</UniqueIdentifier>
    </Filter>
    <Filter Include="AssetLib\DXF">
      <UniqueIdentifier>{8534A678-3D4E-359C-996C-BB634AF6CEF0}</UniqueIdentifier>
    </Filter>
    <Filter Include="AssetLib\FBX">
      <UniqueIdentifier>{C981E9E1-B196-3120-B224-137BB36F8096}</UniqueIdentifier>
    </Filter>
    <Filter Include="AssetLib\GLTF">
      <UniqueIdentifier>{578AB38C-7845-3F9B-BC1A-65001572B16B}</UniqueIdentifier>
    </Filter>
    <Filter Include="AssetLib\HMP">
      <UniqueIdentifier>{F4C5A830-49F6-3CED-A317-525D07DF10D8}</UniqueIdentifier>
    </Filter>
    <Filter Include="AssetLib\IFC">
      <UniqueIdentifier>{2F32C78B-C0A5-3E67-BB8D-34010C7238FC}</UniqueIdentifier>
    </Filter>
    <Filter Include="AssetLib\IQM">
      <UniqueIdentifier>{2869E2B2-D18F-326A-8758-521C1D84CAC7}</UniqueIdentifier>
    </Filter>
    <Filter Include="AssetLib\IRR">
      <UniqueIdentifier>{55ED9A09-A462-3A65-9183-BBE09E3D7A1F}</UniqueIdentifier>
    </Filter>
    <Filter Include="AssetLib\IRRMESH">
      <UniqueIdentifier>{777BE318-C74C-3986-BD07-B6B8B53A82EF}</UniqueIdentifier>
    </Filter>
    <Filter Include="AssetLib\LWO">
      <UniqueIdentifier>{0B122964-1576-34D9-81E6-49CA37989875}</UniqueIdentifier>
    </Filter>
    <Filter Include="AssetLib\LWS">
      <UniqueIdentifier>{6D2223F8-14C8-3AD9-B463-2B58EFAD4757}</UniqueIdentifier>
    </Filter>
    <Filter Include="AssetLib\M3D">
      <UniqueIdentifier>{B438D09A-5CB4-31F4-A269-CCCB48069A83}</UniqueIdentifier>
    </Filter>
    <Filter Include="AssetLib\MD2">
      <UniqueIdentifier>{4F01B59E-BCAE-397B-B042-7D284CD4F115}</UniqueIdentifier>
    </Filter>
    <Filter Include="AssetLib\MD3">
      <UniqueIdentifier>{0B42AE09-B72F-3FE2-9A0D-09533739299C}</UniqueIdentifier>
    </Filter>
    <Filter Include="AssetLib\MD5">
      <UniqueIdentifier>{8325DC38-189C-3023-9F52-CF7F759D5BFE}</UniqueIdentifier>
    </Filter>
    <Filter Include="AssetLib\MDC">
      <UniqueIdentifier>{1A2912B7-71F0-3604-A226-F9E2128FC8D6}</UniqueIdentifier>
    </Filter>
    <Filter Include="AssetLib\MDL">
      <UniqueIdentifier>{A67634B9-4A48-3218-B5B4-C249BE1B962B}</UniqueIdentifier>
    </Filter>
    <Filter Include="AssetLib\MMD">
      <UniqueIdentifier>{C2BF4414-6D19-3F61-9016-D5A7002F277D}</UniqueIdentifier>
    </Filter>
    <Filter Include="AssetLib\MS3D">
      <UniqueIdentifier>{9D84CD3C-A90D-3D47-A6DA-0CFAEF7BCBF5}</UniqueIdentifier>
    </Filter>
    <Filter Include="AssetLib\NDO">
      <UniqueIdentifier>{7D8F8639-0CC9-3A3B-9A26-6E20F843CA0B}</UniqueIdentifier>
    </Filter>
    <Filter Include="AssetLib\NFF">
      <UniqueIdentifier>{9E48BB10-E852-39AD-BB1A-26384999CCDB}</UniqueIdentifier>
    </Filter>
    <Filter Include="AssetLib\OBJ">
      <UniqueIdentifier>{7EFE61D9-DAC5-3EAE-A707-B7762120E551}</UniqueIdentifier>
    </Filter>
    <Filter Include="AssetLib\OFF">
      <UniqueIdentifier>{48540945-AF69-3880-AB34-E8F161469AF2}</UniqueIdentifier>
    </Filter>
    <Filter Include="AssetLib\OGRE">
      <UniqueIdentifier>{CCADAC86-C26A-345D-BE9D-DE3C9B877946}</UniqueIdentifier>
    </Filter>
    <Filter Include="AssetLib\OPENGEX">
      <UniqueIdentifier>{1B32B28C-F359-3431-A6D2-C63449E24FF0}</UniqueIdentifier>
    </Filter>
    <Filter Include="AssetLib\PBRT">
      <UniqueIdentifier>{8C8D037A-4318-3E8D-AC55-D766833E0495}</UniqueIdentifier>
    </Filter>
    <Filter Include="AssetLib\PLY">
      <UniqueIdentifier>{26C3773A-D3C2-358C-A15C-C562BC29D933}</UniqueIdentifier>
    </Filter>
    <Filter Include="AssetLib\Q3BSP">
      <UniqueIdentifier>{65BAAD85-2513-3FC2-A1C9-FF58B0140331}</UniqueIdentifier>
    </Filter>
    <Filter Include="AssetLib\Q3D">
      <UniqueIdentifier>{C91CA2AE-B97B-351A-9A48-5DFEBFE36909}</UniqueIdentifier>
    </Filter>
    <Filter Include="AssetLib\RAW">
      <UniqueIdentifier>{EDDE80A3-84B9-360E-A802-5CCF864E6035}</UniqueIdentifier>
    </Filter>
    <Filter Include="AssetLib\SIB">
      <UniqueIdentifier>{E5D79DBC-FDFF-3BE3-98C8-F6065ED8461B}</UniqueIdentifier>
    </Filter>
    <Filter Include="AssetLib\SMD">
      <UniqueIdentifier>{2207FC30-685A-38FC-9395-47950CFD6170}</UniqueIdentifier>
    </Filter>
    <Filter Include="AssetLib\STEP">
      <UniqueIdentifier>{B0818C9F-F4CD-3D20-A6FD-6D8D8562744B}</UniqueIdentifier>
    </Filter>
    <Filter Include="AssetLib\STL">
      <UniqueIdentifier>{29550C76-EA55-302A-9287-09320EC3280F}</UniqueIdentifier>
    </Filter>
    <Filter Include="AssetLib\TERRAGEN">
      <UniqueIdentifier>{8FB05457-3628-3DBE-AF36-E21D18F7A6C8}</UniqueIdentifier>
    </Filter>
    <Filter Include="AssetLib\X">
      <UniqueIdentifier>{27EE28CA-B868-3EFA-BAF6-7063D1660DF1}</UniqueIdentifier>
    </Filter>
    <Filter Include="AssetLib\X3D">
      <UniqueIdentifier>{887AA26E-B907-3380-A026-3AC41AD8475D}</UniqueIdentifier>
    </Filter>
    <Filter Include="AssetLib\XGL">
      <UniqueIdentifier>{07622A4B-A818-319A-B454-8782AA9967DC}</UniqueIdentifier>
    </Filter>
    <Filter Include="CApi">
      <UniqueIdentifier>{2A6CBE2D-A3AC-3B29-8D83-C8CFCCFEB3F1}</UniqueIdentifier>
    </Filter>
    <Filter Include="Common">
      <UniqueIdentifier>{87F1F18D-C88A-3CA6-A300-C1F6E68CCEA0}</UniqueIdentifier>
    </Filter>
    <Filter Include="Compiler">
      <UniqueIdentifier>{4055CE7B-7541-348A-9367-DFDB0855D6A8}</UniqueIdentifier>
    </Filter>
    <Filter Include="Contrib">
      <UniqueIdentifier>{70BB3BB4-2277-3F12-945C-89DFDE1BE61B}</UniqueIdentifier>
    </Filter>
    <Filter Include="Contrib\Clipper">
      <UniqueIdentifier>{979A6AA4-902B-3326-BACA-96A76A6CB662}</UniqueIdentifier>
    </Filter>
    <Filter Include="Contrib\Poly2Tri">
      <UniqueIdentifier>{3FBA9071-90D2-335E-8740-9518F61CF75A}</UniqueIdentifier>
    </Filter>
    <Filter Include="Contrib\Pugixml">
      <UniqueIdentifier>{C6B442DB-B27D-36B5-A278-50EF8770603F}</UniqueIdentifier>
    </Filter>
    <Filter Include="Contrib\open3dgc">
      <UniqueIdentifier>{664C30A5-D9F9-3932-B9EF-E03F3757C66B}</UniqueIdentifier>
    </Filter>
    <Filter Include="Contrib\openddl_parser">
      <UniqueIdentifier>{72E9A950-241C-3FFE-97C7-0A384460942A}</UniqueIdentifier>
    </Filter>
    <Filter Include="Contrib\stb">
      <UniqueIdentifier>{AB6A9178-538F-3E7F-BD40-FF1D3ADF5CAA}</UniqueIdentifier>
    </Filter>
    <Filter Include="Contrib\unzip">
      <UniqueIdentifier>{665D0BE2-75D8-31AC-9464-9D66C4105A85}</UniqueIdentifier>
    </Filter>
    <Filter Include="Exporter">
      <UniqueIdentifier>{FAEFD70F-A103-3255-8781-04DF016068D5}</UniqueIdentifier>
    </Filter>
    <Filter Include="Logging">
      <UniqueIdentifier>{A89611C5-2BD0-3057-B7A6-82054BCC041C}</UniqueIdentifier>
    </Filter>
    <Filter Include="MaterialSystem">
      <UniqueIdentifier>{21B760A4-19D9-3897-8A56-62CC8B59A58F}</UniqueIdentifier>
    </Filter>
    <Filter Include="PostProcessing">
      <UniqueIdentifier>{1F1D43C5-0A7B-378E-A938-6B66BFEBB249}</UniqueIdentifier>
    </Filter>
    <Filter Include="STEPParser">
      <UniqueIdentifier>{1CAACEC5-AD8B-3565-AF9C-F94DE1367CA0}</UniqueIdentifier>
    </Filter>
    <Filter Include="Source Files">
      <UniqueIdentifier>{EDF93A22-6403-3C61-B8E0-9EE82974E3C8}</UniqueIdentifier>
    </Filter>
    <Filter Include="include">
      <UniqueIdentifier>{F8D7205A-0625-3698-A31E-C74EB022ECC4}</UniqueIdentifier>
    </Filter>
    <Filter Include="include\assimp">
      <UniqueIdentifier>{38B9B526-B80C-3FAD-94FC-3BFC38F418A9}</UniqueIdentifier>
    </Filter>
    <Filter Include="ziplib">
      <UniqueIdentifier>{2A62CB37-DB14-319C-B5DE-5E94373A027E}</UniqueIdentifier>
    </Filter>
  </ItemGroup>
</Project>